// !$*UTF8*$!
{
	archiveVersion = 1;
	classes = {
	};
	objectVersion = 46;
	objects = {

/* Begin PBXBuildFile section */
		0A6858C711F7EA8A00AC2BE4 /* CoreServices.framework in Frameworks */ = {isa = PBXBuildFile; fileRef = 0A6858C611F7EA8A00AC2BE4 /* CoreServices.framework */; };
		3A453AD042958D1A09B654FD /* PBGitTableCellView.swift in Sources */ = {isa = PBXBuildFile; fileRef = 2B27333E60F67679B05F54E5 /* PBGitTableCellView.swift */; };
		B2F5C2AC2CB0B5F700C0C001 /* PBCommitData.swift in Sources */ = {isa = PBXBuildFile; fileRef = B2F5C2AB2CB0B5F700C0C001 /* PBCommitData.swift */; };
		4A40159714067B6300DB9C07 /* CoreFoundation.framework in Frameworks */ = {isa = PBXBuildFile; fileRef = 4A40159614067B6300DB9C07 /* CoreFoundation.framework */; };
		4A40159914067B7A00DB9C07 /* AppKit.framework in Frameworks */ = {isa = PBXBuildFile; fileRef = 4A40159814067B7A00DB9C07 /* AppKit.framework */; };
		4A4EF0BE142CBC59001B8CDF /* libz.dylib in Frameworks */ = {isa = PBXBuildFile; fileRef = 4A4EF0BD142CBC59001B8CDF /* libz.dylib */; };
		B2F5C2D12CB0CA0000C0C001 /* AppIntents.framework in Frameworks */ = {isa = PBXBuildFile; fileRef = B2F5C2D02CB0CA0000C0C001 /* AppIntents.framework */; settings = { ATTRIBUTES = (Weak, ); }; };
		B2F5C2D22CB0CA0000C0C001 /* AppIntents.framework in Frameworks */ = {isa = PBXBuildFile; fileRef = B2F5C2D02CB0CA0000C0C001 /* AppIntents.framework */; settings = { ATTRIBUTES = (Weak, ); }; };
		4A5D75C114A9A90500DF6C68 /* Credits.html in Resources */ = {isa = PBXBuildFile; fileRef = 4A5D757D14A9A90500DF6C68 /* Credits.html */; };
		B2F5C2E12CB0CA0000C0C001 /* Assets.xcassets in Resources */ = {isa = PBXBuildFile; fileRef = B2F5C2E02CB0CA0000C0C001 /* Assets.xcassets */; };
		4A5D75DE14A9A90500DF6C68 /* mainSplitterBar.tiff in Resources */ = {isa = PBXBuildFile; fileRef = 4A5D759B14A9A90500DF6C68 /* mainSplitterBar.tiff */; };
		4A5D75DF14A9A90500DF6C68 /* mainSplitterDimple.tiff in Resources */ = {isa = PBXBuildFile; fileRef = 4A5D759C14A9A90500DF6C68 /* mainSplitterDimple.tiff */; };
		4A5D75E214A9A90500DF6C68 /* Updates.png in Resources */ = {isa = PBXBuildFile; fileRef = 4A5D75A014A9A90500DF6C68 /* Updates.png */; };
		4A5D75F114A9A90500DF6C68 /* rewindImage.pdf in Resources */ = {isa = PBXBuildFile; fileRef = 4A5D75AF14A9A90500DF6C68 /* rewindImage.pdf */; };
		4A5D75F714A9A90500DF6C68 /* source.css in Resources */ = {isa = PBXBuildFile; fileRef = 4A5D75B514A9A90500DF6C68 /* source.css */; };
		4A5D75FB14A9A90500DF6C68 /* OpenRecentPopup.xib in Resources */ = {isa = PBXBuildFile; fileRef = 4A5D75BA14A9A90500DF6C68 /* OpenRecentPopup.xib */; };
		4A5D75FC14A9A90500DF6C68 /* PBCommitHookFailedSheet.xib in Resources */ = {isa = PBXBuildFile; fileRef = 4A5D75BB14A9A90500DF6C68 /* PBCommitHookFailedSheet.xib */; };
		4A5D75FE14A9A90500DF6C68 /* PBGitCommitView.xib in Resources */ = {isa = PBXBuildFile; fileRef = 4A5D75BD14A9A90500DF6C68 /* PBGitCommitView.xib */; };
		4A5D75FF14A9A90500DF6C68 /* PBGitHistoryView.xib in Resources */ = {isa = PBXBuildFile; fileRef = 4A5D75BE14A9A90500DF6C68 /* PBGitHistoryView.xib */; };
		4A5D760014A9A90500DF6C68 /* PBGitSidebarView.xib in Resources */ = {isa = PBXBuildFile; fileRef = 4A5D75BF14A9A90500DF6C68 /* PBGitSidebarView.xib */; };
		4A5D760114A9A90500DF6C68 /* PBGitXMessageSheet.xib in Resources */ = {isa = PBXBuildFile; fileRef = 4A5D75C014A9A90500DF6C68 /* PBGitXMessageSheet.xib */; };
		4A5D761714A9A99E00DF6C68 /* InfoPlist.strings in Resources */ = {isa = PBXBuildFile; fileRef = 4A5D760314A9A99E00DF6C68 /* InfoPlist.strings */; };
		4A5D761814A9A99E00DF6C68 /* MainMenu.xib in Resources */ = {isa = PBXBuildFile; fileRef = 4A5D760514A9A99E00DF6C68 /* MainMenu.xib */; };
		4A5D761C14A9A99E00DF6C68 /* PBCreateBranchSheet.xib in Resources */ = {isa = PBXBuildFile; fileRef = 4A5D760D14A9A99E00DF6C68 /* PBCreateBranchSheet.xib */; };
		4A5D761D14A9A99E00DF6C68 /* PBCreateTagSheet.xib in Resources */ = {isa = PBXBuildFile; fileRef = 4A5D760F14A9A99E00DF6C68 /* PBCreateTagSheet.xib */; };
		4A5D761F14A9A99E00DF6C68 /* Preferences.xib in Resources */ = {isa = PBXBuildFile; fileRef = 4A5D761314A9A99E00DF6C68 /* Preferences.xib */; };
		4A5D762014A9A99E00DF6C68 /* RepositoryWindow.xib in Resources */ = {isa = PBXBuildFile; fileRef = 4A5D761514A9A99E00DF6C68 /* RepositoryWindow.xib */; };
		4A5D76E114A9A9CC00DF6C68 /* ApplicationController.m in Sources */ = {isa = PBXBuildFile; fileRef = 4A5D762714A9A9CC00DF6C68 /* ApplicationController.m */; };
		4A5D76E214A9A9CC00DF6C68 /* DBPrefsWindowController.m in Sources */ = {isa = PBXBuildFile; fileRef = 4A5D762914A9A9CC00DF6C68 /* DBPrefsWindowController.m */; };
		4A5D76E314A9A9CC00DF6C68 /* OpenRecentController.swift in Sources */ = {isa = PBXBuildFile; fileRef = 4A5D762B14A9A9CC00DF6C68 /* OpenRecentController.swift */; };
		4A5D76E514A9A9CC00DF6C68 /* PBGitCommitController.m in Sources */ = {isa = PBXBuildFile; fileRef = 4A5D762F14A9A9CC00DF6C68 /* PBGitCommitController.m */; };
		4A5D76E614A9A9CC00DF6C68 /* PBGitHistoryController.m in Sources */ = {isa = PBXBuildFile; fileRef = 4A5D763114A9A9CC00DF6C68 /* PBGitHistoryController.m */; };
		4A5D76E714A9A9CC00DF6C68 /* PBGitIndexController.m in Sources */ = {isa = PBXBuildFile; fileRef = 4A5D763314A9A9CC00DF6C68 /* PBGitIndexController.m */; };
		4A5D76E814A9A9CC00DF6C68 /* PBGitSidebarController.m in Sources */ = {isa = PBXBuildFile; fileRef = 4A5D763514A9A9CC00DF6C68 /* PBGitSidebarController.m */; };
		4A5D76E914A9A9CC00DF6C68 /* PBGitWindowController.m in Sources */ = {isa = PBXBuildFile; fileRef = 4A5D763714A9A9CC00DF6C68 /* PBGitWindowController.m */; };
		4A5D76EA14A9A9CC00DF6C68 /* PBHistorySearchController.m in Sources */ = {isa = PBXBuildFile; fileRef = 4A5D763914A9A9CC00DF6C68 /* PBHistorySearchController.m */; };
		4A5D76EB14A9A9CC00DF6C68 /* PBPrefsWindowController.m in Sources */ = {isa = PBXBuildFile; fileRef = 4A5D763B14A9A9CC00DF6C68 /* PBPrefsWindowController.m */; };
		4A5D76EC14A9A9CC00DF6C68 /* PBRefController.m in Sources */ = {isa = PBXBuildFile; fileRef = 4A5D763D14A9A9CC00DF6C68 /* PBRefController.m */; };
		4A5D76ED14A9A9CC00DF6C68 /* PBRepositoryDocumentController.m in Sources */ = {isa = PBXBuildFile; fileRef = 4A5D763F14A9A9CC00DF6C68 /* PBRepositoryDocumentController.m */; };
		4A5D76EF14A9A9CC00DF6C68 /* PBViewController.m in Sources */ = {isa = PBXBuildFile; fileRef = 4A5D764314A9A9CC00DF6C68 /* PBViewController.m */; };
		4A5D76F014A9A9CC00DF6C68 /* PBWebChangesController.m in Sources */ = {isa = PBXBuildFile; fileRef = 4A5D764514A9A9CC00DF6C68 /* PBWebChangesController.m */; };
		4A5D76F114A9A9CC00DF6C68 /* PBWebController.m in Sources */ = {isa = PBXBuildFile; fileRef = 4A5D764714A9A9CC00DF6C68 /* PBWebController.m */; };
		4A5D76F314A9A9CC00DF6C68 /* PBWebHistoryController.m in Sources */ = {isa = PBXBuildFile; fileRef = 4A5D764B14A9A9CC00DF6C68 /* PBWebHistoryController.m */; };
		B2E4C5887FB04F468C0826DE /* PBWKWebViewBridge.m in Sources */ = {isa = PBXBuildFile; fileRef = B2E4C5877FB04F468C0826DE /* PBWKWebViewBridge.m */; };
		B2E4C5897FB04F468C0826DE /* PBWKGitXSchemeHandler.m in Sources */ = {isa = PBXBuildFile; fileRef = B2E4C58B7FB04F468C0826DE /* PBWKGitXSchemeHandler.m */; };
		B2E4C58C7FB04F468C0826DE /* PBWebControllerNativePost.js in Resources */ = {isa = PBXBuildFile; fileRef = B2E4C58F7FB04F468C0826DE /* PBWebControllerNativePost.js */; };
		B2E4C58D7FB04F468C0826DE /* PBWebControllerBridgeBootstrap.js in Resources */ = {isa = PBXBuildFile; fileRef = B2E4C5907FB04F468C0826DE /* PBWebControllerBridgeBootstrap.js */; };
		B2E4C58E7FB04F468C0826DE /* PBWebControllerContextMenuTracking.js in Resources */ = {isa = PBXBuildFile; fileRef = B2E4C5917FB04F468C0826DE /* PBWebControllerContextMenuTracking.js */; };
		4A5D76F414A9A9CC00DF6C68 /* PBGitBinary.m in Sources */ = {isa = PBXBuildFile; fileRef = 4A5D764F14A9A9CC00DF6C68 /* PBGitBinary.m */; };
		B2F5C2AF2CB0C1F100C0C001 /* PBGitCommit.swift in Sources */ = {isa = PBXBuildFile; fileRef = B2F5C2AE2CB0C1F100C0C001 /* PBGitCommit.swift */; };
		B2F5C2D12CB0E00000C0C001 /* PBGitRef.swift in Sources */ = {isa = PBXBuildFile; fileRef = B2F5C2D02CB0E00000C0C001 /* PBGitRef.swift */; };
		B2F5C2D32CB0E00000C0C001 /* PBGitLane.swift in Sources */ = {isa = PBXBuildFile; fileRef = B2F5C2D22CB0E00000C0C001 /* PBGitLane.swift */; };
		B2F5C2D52CB0E00000C0C001 /* PBGraphCellInfo.swift in Sources */ = {isa = PBXBuildFile; fileRef = B2F5C2D42CB0E00000C0C001 /* PBGraphCellInfo.swift */; };
		B2F5C2B42CB0CD3C00C0C001 /* GitCommandRunner.swift in Sources */ = {isa = PBXBuildFile; fileRef = B2F5C2B32CB0CD3C00C0C001 /* GitCommandRunner.swift */; };
		4A5D76F714A9A9CC00DF6C68 /* PBGitDefaults.swift in Sources */ = {isa = PBXBuildFile; fileRef = 4A5D765514A9A9CC00DF6C68 /* PBGitDefaults.swift */; };
		4A5D76F814A9A9CC00DF6C68 /* PBGitGrapher.m in Sources */ = {isa = PBXBuildFile; fileRef = 4A5D765714A9A9CC00DF6C68 /* PBGitGrapher.m */; };
		4A5D76FA14A9A9CC00DF6C68 /* PBGitHistoryGrapher.m in Sources */ = {isa = PBXBuildFile; fileRef = 4A5D765B14A9A9CC00DF6C68 /* PBGitHistoryGrapher.m */; };
		4A5D76FB14A9A9CC00DF6C68 /* PBGitHistoryList.m in Sources */ = {isa = PBXBuildFile; fileRef = 4A5D765D14A9A9CC00DF6C68 /* PBGitHistoryList.m */; };
		4A5D76FC14A9A9CC00DF6C68 /* PBGitIndex.m in Sources */ = {isa = PBXBuildFile; fileRef = 4A5D765F14A9A9CC00DF6C68 /* PBGitIndex.m */; };
		4A5D76FF14A9A9CC00DF6C68 /* PBGitRepository.m in Sources */ = {isa = PBXBuildFile; fileRef = 4A5D766614A9A9CC00DF6C68 /* PBGitRepository.m */; };
		4A5D770214A9A9CC00DF6C68 /* PBGitRevList.m in Sources */ = {isa = PBXBuildFile; fileRef = 4A5D766C14A9A9CC00DF6C68 /* PBGitRevList.m */; };
		4A5D770314A9A9CC00DF6C68 /* PBGitRevSpecifier.m in Sources */ = {isa = PBXBuildFile; fileRef = 4A5D766E14A9A9CC00DF6C68 /* PBGitRevSpecifier.m */; };
		4A5D770D14A9A9CC00DF6C68 /* PBGitXErrors.m in Sources */ = {isa = PBXBuildFile; fileRef = 4A5D768214A9A9CC00DF6C68 /* PBGitXErrors.m */; };
		4A5D771214A9A9CC00DF6C68 /* main.m in Sources */ = {isa = PBXBuildFile; fileRef = 4A5D768B14A9A9CC00DF6C68 /* main.m */; };
		4A5D771514A9A9CC00DF6C68 /* PBCommitList.m in Sources */ = {isa = PBXBuildFile; fileRef = 4A5D769114A9A9CC00DF6C68 /* PBCommitList.m */; };
		B2F5C2BC2CB0C0D500C0C001 /* PBNSURLPathUserDefaultsTransfomer.swift in Sources */ = {isa = PBXBuildFile; fileRef = B2F5C2B82CB0C0D500C0C001 /* PBNSURLPathUserDefaultsTransfomer.swift */; };
		4A5D771B14A9A9CC00DF6C68 /* PBUnsortableTableHeader.swift in Sources */ = {isa = PBXBuildFile; fileRef = 4A5D769F14A9A9CC00DF6C68 /* PBUnsortableTableHeader.swift */; };
		B2F5C2BB2CB0C0D500C0C001 /* NSBezierPath+RoundedRect.swift in Sources */ = {isa = PBXBuildFile; fileRef = B2F5C2B72CB0C0D500C0C001 /* NSBezierPath+RoundedRect.swift */; };
		B2F5C2BA2CB0C0D500C0C001 /* NSStringRegEx.swift in Sources */ = {isa = PBXBuildFile; fileRef = B2F5C2B62CB0C0D500C0C001 /* NSStringRegEx.swift */; };
		2C6A608A5F734A5294EA7ECF /* PBEasyPipe.swift in Sources */ = {isa = PBXBuildFile; fileRef = 140F08D9CFC94A928EFA8773 /* PBEasyPipe.swift */; };
		C9DD564730FF4C472D689ABB /* PBChangedFile.swift in Sources */ = {isa = PBXBuildFile; fileRef = 8BC97B2E755FC0119D60D01F /* PBChangedFile.swift */; };
		E22C4D96F5293DA73C67DAD5 /* PBSourceViewItem.swift in Sources */ = {isa = PBXBuildFile; fileRef = 28BAEDE6F381A6A843FB6363 /* PBSourceViewItem.swift */; };
		2A58EC7082AB4A1216478480 /* PBRefMenuItem.swift in Sources */ = {isa = PBXBuildFile; fileRef = 6D80F69E11B7E2E414647B3B /* PBRefMenuItem.swift */; };
		2FF1413862EE11FD28BF6F0F /* PBSourceViewBadge.swift in Sources */ = {isa = PBXBuildFile; fileRef = A85458A6FBD99BFE2D89EC79 /* PBSourceViewBadge.swift */; };
		4A5D772414A9A9CC00DF6C68 /* GitXTextFieldCell.m in Sources */ = {isa = PBXBuildFile; fileRef = 4A5D76B514A9A9CC00DF6C68 /* GitXTextFieldCell.m */; };
		4A5D772914A9A9CC00DF6C68 /* PBCollapsibleSplitView.m in Sources */ = {isa = PBXBuildFile; fileRef = 4A5D76BF14A9A9CC00DF6C68 /* PBCollapsibleSplitView.m */; };
		4A5D772A14A9A9CC00DF6C68 /* PBCommitHookFailedSheet.m in Sources */ = {isa = PBXBuildFile; fileRef = 4A5D76C114A9A9CC00DF6C68 /* PBCommitHookFailedSheet.m */; };
		4A5D772B14A9A9CC00DF6C68 /* PBCommitMessageView.m in Sources */ = {isa = PBXBuildFile; fileRef = 4A5D76C314A9A9CC00DF6C68 /* PBCommitMessageView.m */; };
		4A5D772C14A9A9CC00DF6C68 /* PBCreateBranchSheet.m in Sources */ = {isa = PBXBuildFile; fileRef = 4A5D76C514A9A9CC00DF6C68 /* PBCreateBranchSheet.m */; };
		4A5D772D14A9A9CC00DF6C68 /* PBCreateTagSheet.m in Sources */ = {isa = PBXBuildFile; fileRef = 4A5D76C714A9A9CC00DF6C68 /* PBCreateTagSheet.m */; };
		4A5D772E14A9A9CC00DF6C68 /* PBFileChangesTableView.swift in Sources */ = {isa = PBXBuildFile; fileRef = 4A5D76C914A9A9CC00DF6C68 /* PBFileChangesTableView.swift */; };
		4A5D772F14A9A9CC00DF6C68 /* PBGitGradientBarView.swift in Sources */ = {isa = PBXBuildFile; fileRef = 4A5D76CB14A9A9CC00DF6C68 /* PBGitGradientBarView.swift */; };
		4A5D773014A9A9CC00DF6C68 /* PBGitRevisionCell.m in Sources */ = {isa = PBXBuildFile; fileRef = 4A5D76CD14A9A9CC00DF6C68 /* PBGitRevisionCell.m */; };
		4A5D773114A9A9CC00DF6C68 /* PBGitXMessageSheet.m in Sources */ = {isa = PBXBuildFile; fileRef = 4A5D76CF14A9A9CC00DF6C68 /* PBGitXMessageSheet.m */; };
		4A5D773214A9A9CC00DF6C68 /* PBIconAndTextCell.m in Sources */ = {isa = PBXBuildFile; fileRef = 4A5D76D114A9A9CC00DF6C68 /* PBIconAndTextCell.m */; };
		4A5D773314A9A9CC00DF6C68 /* PBNiceSplitView.m in Sources */ = {isa = PBXBuildFile; fileRef = 4A5D76D314A9A9CC00DF6C68 /* PBNiceSplitView.m */; };
		4A5D773814A9A9CC00DF6C68 /* PBSourceViewCell.m in Sources */ = {isa = PBXBuildFile; fileRef = 4A5D76DD14A9A9CC00DF6C68 /* PBSourceViewCell.m */; };
		4A5D773A14A9A9F600DF6C68 /* gitx.m in Sources */ = {isa = PBXBuildFile; fileRef = 4A5D768614A9A9CC00DF6C68 /* gitx.m */; };
		4A5D773C14A9AA2F00DF6C68 /* PBGitBinary.m in Sources */ = {isa = PBXBuildFile; fileRef = 4A5D764F14A9A9CC00DF6C68 /* PBGitBinary.m */; };
		8331CE22600F4AA0874DF284 /* PBEasyPipe.swift in Sources */ = {isa = PBXBuildFile; fileRef = 140F08D9CFC94A928EFA8773 /* PBEasyPipe.swift */; };
		C9DD564730FF4C472D689ABB /* PBChangedFile.swift in Sources */ = {isa = PBXBuildFile; fileRef = 8BC97B2E755FC0119D60D01F /* PBChangedFile.swift */; };
		E22C4D96F5293DA73C67DAD5 /* PBSourceViewItem.swift in Sources */ = {isa = PBXBuildFile; fileRef = 28BAEDE6F381A6A843FB6363 /* PBSourceViewItem.swift */; };
		2A58EC7082AB4A1216478480 /* PBRefMenuItem.swift in Sources */ = {isa = PBXBuildFile; fileRef = 6D80F69E11B7E2E414647B3B /* PBRefMenuItem.swift */; };
		2FF1413862EE11FD28BF6F0F /* PBSourceViewBadge.swift in Sources */ = {isa = PBXBuildFile; fileRef = A85458A6FBD99BFE2D89EC79 /* PBSourceViewBadge.swift */; };
		4A90A73514A9D24300D0DA02 /* GitX.sdef in Resources */ = {isa = PBXBuildFile; fileRef = 4A90A73414A9D24300D0DA02 /* GitX.sdef */; };
		B4D5A3A42F50D3F100000001 /* GitRepoFinder.swift in Sources */ = {isa = PBXBuildFile; fileRef = B4D5A3A32F50D3F100000001 /* GitRepoFinder.swift */; };
		B4D5A3A52F50D3F100000001 /* GitRepoFinder.swift in Sources */ = {isa = PBXBuildFile; fileRef = B4D5A3A32F50D3F100000001 /* GitRepoFinder.swift */; };
		8D11072F0486CEB800E47090 /* Cocoa.framework in Frameworks */ = {isa = PBXBuildFile; fileRef = 1058C7A1FEA54F0111CA2CBB /* Cocoa.framework */; };
		978357A6189C05B100ADC689 /* FolderClosedTemplate.pdf in Resources */ = {isa = PBXBuildFile; fileRef = 978357A4189C05B100ADC689 /* FolderClosedTemplate.pdf */; };
		978357A7189C05B100ADC689 /* FolderTemplate.pdf in Resources */ = {isa = PBXBuildFile; fileRef = 978357A5189C05B100ADC689 /* FolderTemplate.pdf */; };
		978357AD189C074500ADC689 /* BranchTemplate.pdf in Resources */ = {isa = PBXBuildFile; fileRef = 978357A8189C074500ADC689 /* BranchTemplate.pdf */; };
		978357AE189C074500ADC689 /* RemoteBranchTemplate.pdf in Resources */ = {isa = PBXBuildFile; fileRef = 978357A9189C074500ADC689 /* RemoteBranchTemplate.pdf */; };
		978357AF189C074500ADC689 /* RemoteTemplate.pdf in Resources */ = {isa = PBXBuildFile; fileRef = 978357AA189C074500ADC689 /* RemoteTemplate.pdf */; };
		978357B0189C074500ADC689 /* StageTemplate.pdf in Resources */ = {isa = PBXBuildFile; fileRef = 978357AB189C074500ADC689 /* StageTemplate.pdf */; };
		978357B1189C074500ADC689 /* TagTemplate.pdf in Resources */ = {isa = PBXBuildFile; fileRef = 978357AC189C074500ADC689 /* TagTemplate.pdf */; };
		978357B8189C19A000ADC689 /* AddBranchTemplate.pdf in Resources */ = {isa = PBXBuildFile; fileRef = 978357B2189C19A000ADC689 /* AddBranchTemplate.pdf */; };
		978357B9189C19A000ADC689 /* AddLabelTemplate.pdf in Resources */ = {isa = PBXBuildFile; fileRef = 978357B3189C19A000ADC689 /* AddLabelTemplate.pdf */; };
		978357BA189C19A000ADC689 /* AddRemoteTemplate.pdf in Resources */ = {isa = PBXBuildFile; fileRef = 978357B4189C19A000ADC689 /* AddRemoteTemplate.pdf */; };
		978357BB189C19A000ADC689 /* FetchTemplate.pdf in Resources */ = {isa = PBXBuildFile; fileRef = 978357B5189C19A000ADC689 /* FetchTemplate.pdf */; };
		978357BC189C19A000ADC689 /* PullTemplate.pdf in Resources */ = {isa = PBXBuildFile; fileRef = 978357B6189C19A000ADC689 /* PullTemplate.pdf */; };
		978357BD189C19A000ADC689 /* PushTemplate.pdf in Resources */ = {isa = PBXBuildFile; fileRef = 978357B7189C19A000ADC689 /* PushTemplate.pdf */; };
		978357C1189C1F5700ADC689 /* CherryPickTemplate.pdf in Resources */ = {isa = PBXBuildFile; fileRef = 978357BE189C1F5700ADC689 /* CherryPickTemplate.pdf */; };
		978357C2189C1F5700ADC689 /* MergeTemplate.pdf in Resources */ = {isa = PBXBuildFile; fileRef = 978357BF189C1F5700ADC689 /* MergeTemplate.pdf */; };
		978357C3189C1F5700ADC689 /* RebaseTemplate.pdf in Resources */ = {isa = PBXBuildFile; fileRef = 978357C0189C1F5700ADC689 /* RebaseTemplate.pdf */; };
		978357C5189C238300ADC689 /* DetailViewTemplate.pdf in Resources */ = {isa = PBXBuildFile; fileRef = 978357C4189C238300ADC689 /* DetailViewTemplate.pdf */; };
		978357C7189C23AF00ADC689 /* TreeViewTemplate.pdf in Resources */ = {isa = PBXBuildFile; fileRef = 978357C6189C23AF00ADC689 /* TreeViewTemplate.pdf */; };
		97CF01F918A6C5BB00E30F2B /* deleted_file.pdf in Resources */ = {isa = PBXBuildFile; fileRef = 97CF01F618A6C5BB00E30F2B /* deleted_file.pdf */; };
		97CF01FA18A6C5BB00E30F2B /* empty_file.pdf in Resources */ = {isa = PBXBuildFile; fileRef = 97CF01F718A6C5BB00E30F2B /* empty_file.pdf */; };
		97CF01FB18A6C5BB00E30F2B /* new_file.pdf in Resources */ = {isa = PBXBuildFile; fileRef = 97CF01F818A6C5BB00E30F2B /* new_file.pdf */; };
		B4A1F9A02D3B0A1200000003 /* PBCommitListRowView.m in Sources */ = {isa = PBXBuildFile; fileRef = B4A1F99F2D3B0A1200000002 /* PBCommitListRowView.m */; };
		BB0D6B8DEC50B392017C8841 /* PBGitRevisionCellView.m in Sources */ = {isa = PBXBuildFile; fileRef = DADF25C42DF67F453152F703 /* PBGitRevisionCellView.m */; };
		D87127011229A21C00012334 /* QuartzCore.framework in Frameworks */ = {isa = PBXBuildFile; fileRef = D87127001229A21C00012334 /* QuartzCore.framework */; };
		D89E9B141218BA260097A90B /* ScriptingBridge.framework in Frameworks */ = {isa = PBXBuildFile; fileRef = D89E9AB21218A9DA0097A90B /* ScriptingBridge.framework */; };
		D8E3B2B810DC9FB2001096A3 /* ScriptingBridge.framework in Frameworks */ = {isa = PBXBuildFile; fileRef = D8E3B2B710DC9FB2001096A3 /* ScriptingBridge.framework */; };
		F56526240E03D85900F03B52 /* WebKit.framework in Frameworks */ = {isa = PBXBuildFile; fileRef = F56526230E03D85900F03B52 /* WebKit.framework */; };
		F5E4DBFB0EAB58D90013FAFC /* SystemConfiguration.framework in Frameworks */ = {isa = PBXBuildFile; fileRef = F5E4DBFA0EAB58D90013FAFC /* SystemConfiguration.framework */; };
/* End PBXBuildFile section */

/* Begin PBXCopyFilesBuildPhase section */
		F580E6BD0E73329C009E2D3F /* CopyFiles */ = {
			isa = PBXCopyFilesBuildPhase;
			buildActionMask = 2147483647;
			dstPath = "";
			dstSubfolderSpec = 10;
			files = (
			);
			runOnlyForDeploymentPostprocessing = 0;
		};
/* End PBXCopyFilesBuildPhase section */

/* Begin PBXFileReference section */
		0A6858C611F7EA8A00AC2BE4 /* CoreServices.framework */ = {isa = PBXFileReference; lastKnownFileType = wrapper.framework; name = CoreServices.framework; path = System/Library/Frameworks/CoreServices.framework; sourceTree = SDKROOT; };
		1058C7A1FEA54F0111CA2CBB /* Cocoa.framework */ = {isa = PBXFileReference; lastKnownFileType = wrapper.framework; name = Cocoa.framework; path = /System/Library/Frameworks/Cocoa.framework; sourceTree = "<absolute>"; };
		29B97324FDCFA39411CA2CEA /* AppKit.framework */ = {isa = PBXFileReference; lastKnownFileType = wrapper.framework; name = AppKit.framework; path = /System/Library/Frameworks/AppKit.framework; sourceTree = "<absolute>"; };
		29B97325FDCFA39411CA2CEA /* Foundation.framework */ = {isa = PBXFileReference; lastKnownFileType = wrapper.framework; name = Foundation.framework; path = /System/Library/Frameworks/Foundation.framework; sourceTree = "<absolute>"; };
		2B27333E60F67679B05F54E5 /* PBGitTableCellView.swift */ = {isa = PBXFileReference; fileEncoding = 4; lastKnownFileType = sourcecode.swift; path = PBGitTableCellView.swift; sourceTree = "<group>"; };
		4A40159614067B6300DB9C07 /* CoreFoundation.framework */ = {isa = PBXFileReference; lastKnownFileType = wrapper.framework; name = CoreFoundation.framework; path = System/Library/Frameworks/CoreFoundation.framework; sourceTree = SDKROOT; };
		4A40159814067B7A00DB9C07 /* AppKit.framework */ = {isa = PBXFileReference; lastKnownFileType = wrapper.framework; name = AppKit.framework; path = System/Library/Frameworks/AppKit.framework; sourceTree = SDKROOT; };
		B2F5C2D02CB0CA0000C0C001 /* AppIntents.framework */ = {isa = PBXFileReference; lastKnownFileType = wrapper.framework; name = AppIntents.framework; path = System/Library/Frameworks/AppIntents.framework; sourceTree = SDKROOT; };
		4A4EF0BD142CBC59001B8CDF /* libz.dylib */ = {isa = PBXFileReference; lastKnownFileType = "compiled.mach-o.dylib"; name = libz.dylib; path = usr/lib/libz.dylib; sourceTree = SDKROOT; };
		4A5D757D14A9A90500DF6C68 /* Credits.html */ = {isa = PBXFileReference; fileEncoding = 4; lastKnownFileType = text.html; path = Credits.html; sourceTree = "<group>"; };
		B2F5C2E02CB0CA0000C0C001 /* Assets.xcassets */ = {isa = PBXFileReference; lastKnownFileType = folder.assetcatalog; path = Assets.xcassets; sourceTree = "<group>"; };
		4A5D759814A9A90500DF6C68 /* gitx_icon.psd */ = {isa = PBXFileReference; lastKnownFileType = file; path = gitx_icon.psd; sourceTree = "<group>"; };
		4A5D759B14A9A90500DF6C68 /* mainSplitterBar.tiff */ = {isa = PBXFileReference; lastKnownFileType = image.tiff; path = mainSplitterBar.tiff; sourceTree = "<group>"; };
		4A5D759C14A9A90500DF6C68 /* mainSplitterDimple.tiff */ = {isa = PBXFileReference; lastKnownFileType = image.tiff; path = mainSplitterDimple.tiff; sourceTree = "<group>"; };
		4A5D75A014A9A90500DF6C68 /* Updates.png */ = {isa = PBXFileReference; lastKnownFileType = image.png; path = Updates.png; sourceTree = "<group>"; };
		4A5D75AF14A9A90500DF6C68 /* rewindImage.pdf */ = {isa = PBXFileReference; lastKnownFileType = image.pdf; path = rewindImage.pdf; sourceTree = "<group>"; };
		4A5D75B414A9A90500DF6C68 /* Info.plist */ = {isa = PBXFileReference; fileEncoding = 4; lastKnownFileType = text.plist.xml; path = Info.plist; sourceTree = "<group>"; };
		4A5D75B514A9A90500DF6C68 /* source.css */ = {isa = PBXFileReference; fileEncoding = 4; lastKnownFileType = text.css; path = source.css; sourceTree = "<group>"; };
		4A5D75BA14A9A90500DF6C68 /* OpenRecentPopup.xib */ = {isa = PBXFileReference; fileEncoding = 4; lastKnownFileType = file.xib; path = OpenRecentPopup.xib; sourceTree = "<group>"; };
		4A5D75BB14A9A90500DF6C68 /* PBCommitHookFailedSheet.xib */ = {isa = PBXFileReference; fileEncoding = 4; lastKnownFileType = file.xib; path = PBCommitHookFailedSheet.xib; sourceTree = "<group>"; };
		4A5D75BD14A9A90500DF6C68 /* PBGitCommitView.xib */ = {isa = PBXFileReference; fileEncoding = 4; lastKnownFileType = file.xib; path = PBGitCommitView.xib; sourceTree = "<group>"; };
		4A5D75BE14A9A90500DF6C68 /* PBGitHistoryView.xib */ = {isa = PBXFileReference; fileEncoding = 4; lastKnownFileType = file.xib; path = PBGitHistoryView.xib; sourceTree = "<group>"; };
		4A5D75BF14A9A90500DF6C68 /* PBGitSidebarView.xib */ = {isa = PBXFileReference; fileEncoding = 4; lastKnownFileType = file.xib; path = PBGitSidebarView.xib; sourceTree = "<group>"; };
		4A5D75C014A9A90500DF6C68 /* PBGitXMessageSheet.xib */ = {isa = PBXFileReference; fileEncoding = 4; lastKnownFileType = file.xib; path = PBGitXMessageSheet.xib; sourceTree = "<group>"; };
		4A5D760414A9A99E00DF6C68 /* English */ = {isa = PBXFileReference; fileEncoding = 4; lastKnownFileType = text.plist.strings; name = English; path = InfoPlist.strings; sourceTree = "<group>"; };
		4A5D760614A9A99E00DF6C68 /* English */ = {isa = PBXFileReference; lastKnownFileType = file.xib; name = English; path = MainMenu.xib; sourceTree = "<group>"; };
		4A5D760E14A9A99E00DF6C68 /* English */ = {isa = PBXFileReference; lastKnownFileType = file.xib; name = English; path = PBCreateBranchSheet.xib; sourceTree = "<group>"; };
		4A5D761014A9A99E00DF6C68 /* English */ = {isa = PBXFileReference; lastKnownFileType = file.xib; name = English; path = PBCreateTagSheet.xib; sourceTree = "<group>"; };
		4A5D761414A9A99E00DF6C68 /* English */ = {isa = PBXFileReference; lastKnownFileType = file.xib; name = English; path = Preferences.xib; sourceTree = "<group>"; };
		4A5D761614A9A99E00DF6C68 /* English */ = {isa = PBXFileReference; lastKnownFileType = file.xib; name = English; path = RepositoryWindow.xib; sourceTree = "<group>"; };
		4A5D762614A9A9CC00DF6C68 /* ApplicationController.h */ = {isa = PBXFileReference; fileEncoding = 4; lastKnownFileType = sourcecode.c.h; path = ApplicationController.h; sourceTree = "<group>"; };
		4A5D762714A9A9CC00DF6C68 /* ApplicationController.m */ = {isa = PBXFileReference; fileEncoding = 4; lastKnownFileType = sourcecode.c.objc; path = ApplicationController.m; sourceTree = "<group>"; };
		4A5D762814A9A9CC00DF6C68 /* DBPrefsWindowController.h */ = {isa = PBXFileReference; fileEncoding = 4; lastKnownFileType = sourcecode.c.h; path = DBPrefsWindowController.h; sourceTree = "<group>"; };
		4A5D762914A9A9CC00DF6C68 /* DBPrefsWindowController.m */ = {isa = PBXFileReference; fileEncoding = 4; lastKnownFileType = sourcecode.c.objc; path = DBPrefsWindowController.m; sourceTree = "<group>"; };
		4A5D762B14A9A9CC00DF6C68 /* OpenRecentController.swift */ = {isa = PBXFileReference; lastKnownFileType = sourcecode.swift; path = OpenRecentController.swift; sourceTree = "<group>"; };
		4A5D762E14A9A9CC00DF6C68 /* PBGitCommitController.h */ = {isa = PBXFileReference; fileEncoding = 4; lastKnownFileType = sourcecode.c.h; path = PBGitCommitController.h; sourceTree = "<group>"; };
		4A5D762F14A9A9CC00DF6C68 /* PBGitCommitController.m */ = {isa = PBXFileReference; fileEncoding = 4; lastKnownFileType = sourcecode.c.objc; path = PBGitCommitController.m; sourceTree = "<group>"; };
		4A5D763014A9A9CC00DF6C68 /* PBGitHistoryController.h */ = {isa = PBXFileReference; fileEncoding = 4; lastKnownFileType = sourcecode.c.h; lineEnding = 0; path = PBGitHistoryController.h; sourceTree = "<group>"; xcLanguageSpecificationIdentifier = xcode.lang.objcpp; };
		4A5D763114A9A9CC00DF6C68 /* PBGitHistoryController.m */ = {isa = PBXFileReference; fileEncoding = 4; lastKnownFileType = sourcecode.c.objc; lineEnding = 0; path = PBGitHistoryController.m; sourceTree = "<group>"; xcLanguageSpecificationIdentifier = xcode.lang.objc; };
		4A5D763214A9A9CC00DF6C68 /* PBGitIndexController.h */ = {isa = PBXFileReference; fileEncoding = 4; lastKnownFileType = sourcecode.c.h; path = PBGitIndexController.h; sourceTree = "<group>"; };
		4A5D763314A9A9CC00DF6C68 /* PBGitIndexController.m */ = {isa = PBXFileReference; fileEncoding = 4; lastKnownFileType = sourcecode.c.objc; path = PBGitIndexController.m; sourceTree = "<group>"; };
		4A5D763414A9A9CC00DF6C68 /* PBGitSidebarController.h */ = {isa = PBXFileReference; fileEncoding = 4; lastKnownFileType = sourcecode.c.h; path = PBGitSidebarController.h; sourceTree = "<group>"; };
		4A5D763514A9A9CC00DF6C68 /* PBGitSidebarController.m */ = {isa = PBXFileReference; fileEncoding = 4; lastKnownFileType = sourcecode.c.objc; path = PBGitSidebarController.m; sourceTree = "<group>"; };
		4A5D763614A9A9CC00DF6C68 /* PBGitWindowController.h */ = {isa = PBXFileReference; fileEncoding = 4; lastKnownFileType = sourcecode.c.h; path = PBGitWindowController.h; sourceTree = "<group>"; };
		4A5D763714A9A9CC00DF6C68 /* PBGitWindowController.m */ = {isa = PBXFileReference; fileEncoding = 4; lastKnownFileType = sourcecode.c.objc; path = PBGitWindowController.m; sourceTree = "<group>"; };
		4A5D763814A9A9CC00DF6C68 /* PBHistorySearchController.h */ = {isa = PBXFileReference; fileEncoding = 4; lastKnownFileType = sourcecode.c.h; path = PBHistorySearchController.h; sourceTree = "<group>"; };
		4A5D763914A9A9CC00DF6C68 /* PBHistorySearchController.m */ = {isa = PBXFileReference; fileEncoding = 4; lastKnownFileType = sourcecode.c.objc; path = PBHistorySearchController.m; sourceTree = "<group>"; };
		4A5D763A14A9A9CC00DF6C68 /* PBPrefsWindowController.h */ = {isa = PBXFileReference; fileEncoding = 4; lastKnownFileType = sourcecode.c.h; path = PBPrefsWindowController.h; sourceTree = "<group>"; };
		4A5D763B14A9A9CC00DF6C68 /* PBPrefsWindowController.m */ = {isa = PBXFileReference; fileEncoding = 4; lastKnownFileType = sourcecode.c.objc; path = PBPrefsWindowController.m; sourceTree = "<group>"; };
		4A5D763C14A9A9CC00DF6C68 /* PBRefController.h */ = {isa = PBXFileReference; fileEncoding = 4; lastKnownFileType = sourcecode.c.h; path = PBRefController.h; sourceTree = "<group>"; };
		4A5D763D14A9A9CC00DF6C68 /* PBRefController.m */ = {isa = PBXFileReference; fileEncoding = 4; lastKnownFileType = sourcecode.c.objc; path = PBRefController.m; sourceTree = "<group>"; };
		4A5D763E14A9A9CC00DF6C68 /* PBRepositoryDocumentController.h */ = {isa = PBXFileReference; fileEncoding = 4; lastKnownFileType = sourcecode.c.h; path = PBRepositoryDocumentController.h; sourceTree = "<group>"; };
		4A5D763F14A9A9CC00DF6C68 /* PBRepositoryDocumentController.m */ = {isa = PBXFileReference; fileEncoding = 4; lastKnownFileType = sourcecode.c.objc; path = PBRepositoryDocumentController.m; sourceTree = "<group>"; };
		4A5D764214A9A9CC00DF6C68 /* PBViewController.h */ = {isa = PBXFileReference; fileEncoding = 4; lastKnownFileType = sourcecode.c.h; path = PBViewController.h; sourceTree = "<group>"; };
		4A5D764314A9A9CC00DF6C68 /* PBViewController.m */ = {isa = PBXFileReference; fileEncoding = 4; lastKnownFileType = sourcecode.c.objc; path = PBViewController.m; sourceTree = "<group>"; };
		4A5D764414A9A9CC00DF6C68 /* PBWebChangesController.h */ = {isa = PBXFileReference; fileEncoding = 4; lastKnownFileType = sourcecode.c.h; path = PBWebChangesController.h; sourceTree = "<group>"; };
		4A5D764514A9A9CC00DF6C68 /* PBWebChangesController.m */ = {isa = PBXFileReference; fileEncoding = 4; lastKnownFileType = sourcecode.c.objc; path = PBWebChangesController.m; sourceTree = "<group>"; };
		4A5D764614A9A9CC00DF6C68 /* PBWebController.h */ = {isa = PBXFileReference; fileEncoding = 4; lastKnownFileType = sourcecode.c.h; path = PBWebController.h; sourceTree = "<group>"; };
		4A5D764714A9A9CC00DF6C68 /* PBWebController.m */ = {isa = PBXFileReference; fileEncoding = 4; lastKnownFileType = sourcecode.c.objc; path = PBWebController.m; sourceTree = "<group>"; };
		4A5D764A14A9A9CC00DF6C68 /* PBWebHistoryController.h */ = {isa = PBXFileReference; fileEncoding = 4; lastKnownFileType = sourcecode.c.h; lineEnding = 0; path = PBWebHistoryController.h; sourceTree = "<group>"; xcLanguageSpecificationIdentifier = xcode.lang.objcpp; };
		4A5D764B14A9A9CC00DF6C68 /* PBWebHistoryController.m */ = {isa = PBXFileReference; fileEncoding = 4; lastKnownFileType = sourcecode.c.objc; lineEnding = 0; path = PBWebHistoryController.m; sourceTree = "<group>"; xcLanguageSpecificationIdentifier = xcode.lang.objc; };
		B2E4C5857FB04F468C0826DE /* PBWebBridge.h */ = {isa = PBXFileReference; lastKnownFileType = sourcecode.c.h; path = PBWebBridge.h; sourceTree = "<group>"; };
		B2E4C5867FB04F468C0826DE /* PBWKWebViewBridge.h */ = {isa = PBXFileReference; lastKnownFileType = sourcecode.c.h; path = PBWKWebViewBridge.h; sourceTree = "<group>"; };
		B2E4C5877FB04F468C0826DE /* PBWKWebViewBridge.m */ = {isa = PBXFileReference; lastKnownFileType = sourcecode.c.objc; path = PBWKWebViewBridge.m; sourceTree = "<group>"; };
		B2E4C58A7FB04F468C0826DE /* PBWKGitXSchemeHandler.h */ = {isa = PBXFileReference; lastKnownFileType = sourcecode.c.h; path = PBWKGitXSchemeHandler.h; sourceTree = "<group>"; };
		B2E4C58B7FB04F468C0826DE /* PBWKGitXSchemeHandler.m */ = {isa = PBXFileReference; lastKnownFileType = sourcecode.c.objc; path = PBWKGitXSchemeHandler.m; sourceTree = "<group>"; };
		B2E4C58F7FB04F468C0826DE /* PBWebControllerNativePost.js */ = {isa = PBXFileReference; lastKnownFileType = sourcecode.javascript; path = PBWebControllerNativePost.js; sourceTree = "<group>"; };
		B2E4C5907FB04F468C0826DE /* PBWebControllerBridgeBootstrap.js */ = {isa = PBXFileReference; lastKnownFileType = sourcecode.javascript; path = PBWebControllerBridgeBootstrap.js; sourceTree = "<group>"; };
		B2E4C5917FB04F468C0826DE /* PBWebControllerContextMenuTracking.js */ = {isa = PBXFileReference; lastKnownFileType = sourcecode.javascript; path = PBWebControllerContextMenuTracking.js; sourceTree = "<group>"; };
		4A5D764E14A9A9CC00DF6C68 /* PBGitBinary.h */ = {isa = PBXFileReference; fileEncoding = 4; lastKnownFileType = sourcecode.c.h; path = PBGitBinary.h; sourceTree = "<group>"; };
		4A5D764F14A9A9CC00DF6C68 /* PBGitBinary.m */ = {isa = PBXFileReference; fileEncoding = 4; lastKnownFileType = sourcecode.c.objc; path = PBGitBinary.m; sourceTree = "<group>"; };
		B2F5C2AE2CB0C1F100C0C001 /* PBGitCommit.swift */ = {isa = PBXFileReference; lastKnownFileType = sourcecode.swift; path = PBGitCommit.swift; sourceTree = "<group>"; };
		B2F5C2D02CB0E00000C0C001 /* PBGitRef.swift */ = {isa = PBXFileReference; lastKnownFileType = sourcecode.swift; path = PBGitRef.swift; sourceTree = "<group>"; };
		B2F5C2D22CB0E00000C0C001 /* PBGitLane.swift */ = {isa = PBXFileReference; lastKnownFileType = sourcecode.swift; path = PBGitLane.swift; sourceTree = "<group>"; };
		B2F5C2D42CB0E00000C0C001 /* PBGraphCellInfo.swift */ = {isa = PBXFileReference; lastKnownFileType = sourcecode.swift; path = PBGraphCellInfo.swift; sourceTree = "<group>"; };
		B2F5C2B32CB0CD3C00C0C001 /* GitCommandRunner.swift */ = {isa = PBXFileReference; lastKnownFileType = sourcecode.swift; path = GitCommandRunner.swift; sourceTree = "<group>"; };
		B2F5C2B02CB0C1F100C0C001 /* GitX-Bridging-Header.h */ = {isa = PBXFileReference; lastKnownFileType = sourcecode.c.h; path = "GitX-Bridging-Header.h"; sourceTree = "<group>"; };
		4A5D765514A9A9CC00DF6C68 /* PBGitDefaults.swift */ = {isa = PBXFileReference; lastKnownFileType = sourcecode.swift; path = PBGitDefaults.swift; sourceTree = "<group>"; };
		4A5D765614A9A9CC00DF6C68 /* PBGitGrapher.h */ = {isa = PBXFileReference; fileEncoding = 4; lastKnownFileType = sourcecode.c.h; path = PBGitGrapher.h; sourceTree = "<group>"; };
		4A5D765714A9A9CC00DF6C68 /* PBGitGrapher.m */ = {isa = PBXFileReference; fileEncoding = 4; lastKnownFileType = sourcecode.c.objc; lineEnding = 0; path = PBGitGrapher.m; sourceTree = "<group>"; };
		4A5D765814A9A9CC00DF6C68 /* PBGitGraphLine.h */ = {isa = PBXFileReference; fileEncoding = 4; lastKnownFileType = sourcecode.c.h; path = PBGitGraphLine.h; sourceTree = "<group>"; };
		4A5D765A14A9A9CC00DF6C68 /* PBGitHistoryGrapher.h */ = {isa = PBXFileReference; fileEncoding = 4; lastKnownFileType = sourcecode.c.h; path = PBGitHistoryGrapher.h; sourceTree = "<group>"; };
		4A5D765B14A9A9CC00DF6C68 /* PBGitHistoryGrapher.m */ = {isa = PBXFileReference; fileEncoding = 4; lastKnownFileType = sourcecode.c.objc; lineEnding = 0; path = PBGitHistoryGrapher.m; sourceTree = "<group>"; xcLanguageSpecificationIdentifier = xcode.lang.objc; };
		4A5D765C14A9A9CC00DF6C68 /* PBGitHistoryList.h */ = {isa = PBXFileReference; fileEncoding = 4; lastKnownFileType = sourcecode.c.h; lineEnding = 0; path = PBGitHistoryList.h; sourceTree = "<group>"; xcLanguageSpecificationIdentifier = xcode.lang.objcpp; };
		4A5D765D14A9A9CC00DF6C68 /* PBGitHistoryList.m */ = {isa = PBXFileReference; fileEncoding = 4; lastKnownFileType = sourcecode.c.objc; lineEnding = 0; path = PBGitHistoryList.m; sourceTree = "<group>"; xcLanguageSpecificationIdentifier = xcode.lang.objc; };
		4A5D765E14A9A9CC00DF6C68 /* PBGitIndex.h */ = {isa = PBXFileReference; fileEncoding = 4; lastKnownFileType = sourcecode.c.h; path = PBGitIndex.h; sourceTree = "<group>"; };
		4A5D765F14A9A9CC00DF6C68 /* PBGitIndex.m */ = {isa = PBXFileReference; fileEncoding = 4; lastKnownFileType = sourcecode.c.objc; path = PBGitIndex.m; sourceTree = "<group>"; };
		4A5D766414A9A9CC00DF6C68 /* PBGitRefish.h */ = {isa = PBXFileReference; fileEncoding = 4; lastKnownFileType = sourcecode.c.h; path = PBGitRefish.h; sourceTree = "<group>"; };
		4A5D766514A9A9CC00DF6C68 /* PBGitRepository.h */ = {isa = PBXFileReference; fileEncoding = 4; lastKnownFileType = sourcecode.c.h; lineEnding = 0; path = PBGitRepository.h; sourceTree = "<group>"; xcLanguageSpecificationIdentifier = xcode.lang.objcpp; };
		4A5D766614A9A9CC00DF6C68 /* PBGitRepository.m */ = {isa = PBXFileReference; fileEncoding = 4; lastKnownFileType = sourcecode.c.objc; lineEnding = 0; path = PBGitRepository.m; sourceTree = "<group>"; xcLanguageSpecificationIdentifier = xcode.lang.objc; };
		4A5D766B14A9A9CC00DF6C68 /* PBGitRevList.h */ = {isa = PBXFileReference; fileEncoding = 4; lastKnownFileType = sourcecode.c.h; path = PBGitRevList.h; sourceTree = "<group>"; };
		4A5D766C14A9A9CC00DF6C68 /* PBGitRevList.m */ = {isa = PBXFileReference; fileEncoding = 4; lastKnownFileType = sourcecode.c.objc; lineEnding = 0; path = PBGitRevList.m; sourceTree = "<group>"; };
		4A5D766D14A9A9CC00DF6C68 /* PBGitRevSpecifier.h */ = {isa = PBXFileReference; fileEncoding = 4; lastKnownFileType = sourcecode.c.h; path = PBGitRevSpecifier.h; sourceTree = "<group>"; };
		4A5D766E14A9A9CC00DF6C68 /* PBGitRevSpecifier.m */ = {isa = PBXFileReference; fileEncoding = 4; lastKnownFileType = sourcecode.c.objc; path = PBGitRevSpecifier.m; sourceTree = "<group>"; };
		4A5D768114A9A9CC00DF6C68 /* PBGitXErrors.h */ = {isa = PBXFileReference; fileEncoding = 4; lastKnownFileType = sourcecode.c.h; path = PBGitXErrors.h; sourceTree = "<group>"; };
		4A5D768214A9A9CC00DF6C68 /* PBGitXErrors.m */ = {isa = PBXFileReference; fileEncoding = 4; lastKnownFileType = sourcecode.c.objc; path = PBGitXErrors.m; sourceTree = "<group>"; };
		4A5D768614A9A9CC00DF6C68 /* gitx.m */ = {isa = PBXFileReference; fileEncoding = 4; lastKnownFileType = sourcecode.c.objc; path = gitx.m; sourceTree = "<group>"; };
		4A5D768A14A9A9CC00DF6C68 /* GitXScriptingConstants.h */ = {isa = PBXFileReference; fileEncoding = 4; lastKnownFileType = sourcecode.c.h; path = GitXScriptingConstants.h; sourceTree = "<group>"; };
		4A5D768B14A9A9CC00DF6C68 /* main.m */ = {isa = PBXFileReference; fileEncoding = 4; lastKnownFileType = sourcecode.c.objc; path = main.m; sourceTree = "<group>"; };
		4A5D769014A9A9CC00DF6C68 /* PBCommitList.h */ = {isa = PBXFileReference; fileEncoding = 4; lastKnownFileType = sourcecode.c.h; path = PBCommitList.h; sourceTree = "<group>"; };
		4A5D769114A9A9CC00DF6C68 /* PBCommitList.m */ = {isa = PBXFileReference; fileEncoding = 4; lastKnownFileType = sourcecode.c.objc; path = PBCommitList.m; sourceTree = "<group>"; };
		B2F5C2B82CB0C0D500C0C001 /* PBNSURLPathUserDefaultsTransfomer.swift */ = {isa = PBXFileReference; lastKnownFileType = sourcecode.swift; path = PBNSURLPathUserDefaultsTransfomer.swift; sourceTree = "<group>"; };
		4A5D769614A9A9CC00DF6C68 /* PBRefContextDelegate.h */ = {isa = PBXFileReference; fileEncoding = 4; lastKnownFileType = sourcecode.c.h; path = PBRefContextDelegate.h; sourceTree = "<group>"; };
		4A5D769F14A9A9CC00DF6C68 /* PBUnsortableTableHeader.swift */ = {isa = PBXFileReference; fileEncoding = 4; lastKnownFileType = sourcecode.swift; path = PBUnsortableTableHeader.swift; sourceTree = "<group>"; };
		B2F5C2B72CB0C0D500C0C001 /* NSBezierPath+RoundedRect.swift */ = {isa = PBXFileReference; lastKnownFileType = sourcecode.swift; path = "NSBezierPath+RoundedRect.swift"; sourceTree = "<group>"; };
		B2F5C2B62CB0C0D500C0C001 /* NSStringRegEx.swift */ = {isa = PBXFileReference; lastKnownFileType = sourcecode.swift; path = NSStringRegEx.swift; sourceTree = "<group>"; };
		4A5D76B114A9A9CC00DF6C68 /* PBEasyPipe.h */ = {isa = PBXFileReference; fileEncoding = 4; lastKnownFileType = sourcecode.c.h; path = PBEasyPipe.h; sourceTree = "<group>"; };
		140F08D9CFC94A928EFA8773 /* PBEasyPipe.swift */ = {isa = PBXFileReference; lastKnownFileType = sourcecode.swift; path = PBEasyPipe.swift; sourceTree = "<group>"; };
		8BC97B2E755FC0119D60D01F /* PBChangedFile.swift */ = {isa = PBXFileReference; lastKnownFileType = sourcecode.swift; path = PBChangedFile.swift; sourceTree = "<group>"; };
		28BAEDE6F381A6A843FB6363 /* PBSourceViewItem.swift */ = {isa = PBXFileReference; lastKnownFileType = sourcecode.swift; path = PBSourceViewItem.swift; sourceTree = "<group>"; };
		6D80F69E11B7E2E414647B3B /* PBRefMenuItem.swift */ = {isa = PBXFileReference; lastKnownFileType = sourcecode.swift; path = PBRefMenuItem.swift; sourceTree = "<group>"; };
		A85458A6FBD99BFE2D89EC79 /* PBSourceViewBadge.swift */ = {isa = PBXFileReference; lastKnownFileType = sourcecode.swift; path = PBSourceViewBadge.swift; sourceTree = "<group>"; };
		4A5D76B414A9A9CC00DF6C68 /* GitXTextFieldCell.h */ = {isa = PBXFileReference; fileEncoding = 4; lastKnownFileType = sourcecode.c.h; path = GitXTextFieldCell.h; sourceTree = "<group>"; };
		4A5D76B514A9A9CC00DF6C68 /* GitXTextFieldCell.m */ = {isa = PBXFileReference; fileEncoding = 4; lastKnownFileType = sourcecode.c.objc; path = GitXTextFieldCell.m; sourceTree = "<group>"; };
		4A5D76BE14A9A9CC00DF6C68 /* PBCollapsibleSplitView.h */ = {isa = PBXFileReference; fileEncoding = 4; lastKnownFileType = sourcecode.c.h; path = PBCollapsibleSplitView.h; sourceTree = "<group>"; };
		4A5D76BF14A9A9CC00DF6C68 /* PBCollapsibleSplitView.m */ = {isa = PBXFileReference; fileEncoding = 4; lastKnownFileType = sourcecode.c.objc; path = PBCollapsibleSplitView.m; sourceTree = "<group>"; };
		4A5D76C014A9A9CC00DF6C68 /* PBCommitHookFailedSheet.h */ = {isa = PBXFileReference; fileEncoding = 4; lastKnownFileType = sourcecode.c.h; path = PBCommitHookFailedSheet.h; sourceTree = "<group>"; };
		4A5D76C114A9A9CC00DF6C68 /* PBCommitHookFailedSheet.m */ = {isa = PBXFileReference; fileEncoding = 4; lastKnownFileType = sourcecode.c.objc; path = PBCommitHookFailedSheet.m; sourceTree = "<group>"; };
		4A5D76C214A9A9CC00DF6C68 /* PBCommitMessageView.h */ = {isa = PBXFileReference; fileEncoding = 4; lastKnownFileType = sourcecode.c.h; path = PBCommitMessageView.h; sourceTree = "<group>"; };
		4A5D76C314A9A9CC00DF6C68 /* PBCommitMessageView.m */ = {isa = PBXFileReference; fileEncoding = 4; lastKnownFileType = sourcecode.c.objc; path = PBCommitMessageView.m; sourceTree = "<group>"; };
		4A5D76C414A9A9CC00DF6C68 /* PBCreateBranchSheet.h */ = {isa = PBXFileReference; fileEncoding = 4; lastKnownFileType = sourcecode.c.h; path = PBCreateBranchSheet.h; sourceTree = "<group>"; };
		4A5D76C514A9A9CC00DF6C68 /* PBCreateBranchSheet.m */ = {isa = PBXFileReference; fileEncoding = 4; lastKnownFileType = sourcecode.c.objc; path = PBCreateBranchSheet.m; sourceTree = "<group>"; };
		4A5D76C614A9A9CC00DF6C68 /* PBCreateTagSheet.h */ = {isa = PBXFileReference; fileEncoding = 4; lastKnownFileType = sourcecode.c.h; path = PBCreateTagSheet.h; sourceTree = "<group>"; };
		4A5D76C714A9A9CC00DF6C68 /* PBCreateTagSheet.m */ = {isa = PBXFileReference; fileEncoding = 4; lastKnownFileType = sourcecode.c.objc; path = PBCreateTagSheet.m; sourceTree = "<group>"; };
		4A5D76C914A9A9CC00DF6C68 /* PBFileChangesTableView.swift */ = {isa = PBXFileReference; fileEncoding = 4; lastKnownFileType = sourcecode.swift; path = PBFileChangesTableView.swift; sourceTree = "<group>"; };
		4A5D76CB14A9A9CC00DF6C68 /* PBGitGradientBarView.swift */ = {isa = PBXFileReference; fileEncoding = 4; lastKnownFileType = sourcecode.swift; path = PBGitGradientBarView.swift; sourceTree = "<group>"; };
		4A5D76CC14A9A9CC00DF6C68 /* PBGitRevisionCell.h */ = {isa = PBXFileReference; fileEncoding = 4; lastKnownFileType = sourcecode.c.h; path = PBGitRevisionCell.h; sourceTree = "<group>"; };
		4A5D76CD14A9A9CC00DF6C68 /* PBGitRevisionCell.m */ = {isa = PBXFileReference; fileEncoding = 4; lastKnownFileType = sourcecode.c.objc; lineEnding = 0; path = PBGitRevisionCell.m; sourceTree = "<group>"; xcLanguageSpecificationIdentifier = xcode.lang.objc; };
		4A5D76CE14A9A9CC00DF6C68 /* PBGitXMessageSheet.h */ = {isa = PBXFileReference; fileEncoding = 4; lastKnownFileType = sourcecode.c.h; path = PBGitXMessageSheet.h; sourceTree = "<group>"; };
		4A5D76CF14A9A9CC00DF6C68 /* PBGitXMessageSheet.m */ = {isa = PBXFileReference; fileEncoding = 4; lastKnownFileType = sourcecode.c.objc; path = PBGitXMessageSheet.m; sourceTree = "<group>"; };
		4A5D76D014A9A9CC00DF6C68 /* PBIconAndTextCell.h */ = {isa = PBXFileReference; fileEncoding = 4; lastKnownFileType = sourcecode.c.h; path = PBIconAndTextCell.h; sourceTree = "<group>"; };
		4A5D76D114A9A9CC00DF6C68 /* PBIconAndTextCell.m */ = {isa = PBXFileReference; fileEncoding = 4; lastKnownFileType = sourcecode.c.objc; path = PBIconAndTextCell.m; sourceTree = "<group>"; };
		4A5D76D214A9A9CC00DF6C68 /* PBNiceSplitView.h */ = {isa = PBXFileReference; fileEncoding = 4; lastKnownFileType = sourcecode.c.h; path = PBNiceSplitView.h; sourceTree = "<group>"; };
		4A5D76D314A9A9CC00DF6C68 /* PBNiceSplitView.m */ = {isa = PBXFileReference; fileEncoding = 4; lastKnownFileType = sourcecode.c.objc; path = PBNiceSplitView.m; sourceTree = "<group>"; };
		4A5D76DC14A9A9CC00DF6C68 /* PBSourceViewCell.h */ = {isa = PBXFileReference; fileEncoding = 4; lastKnownFileType = sourcecode.c.h; path = PBSourceViewCell.h; sourceTree = "<group>"; };
		4A5D76DD14A9A9CC00DF6C68 /* PBSourceViewCell.m */ = {isa = PBXFileReference; fileEncoding = 4; lastKnownFileType = sourcecode.c.objc; path = PBSourceViewCell.m; sourceTree = "<group>"; };
		4A5D777014A9AEB000DF6C68 /* PBSourceViewItems.h */ = {isa = PBXFileReference; fileEncoding = 4; lastKnownFileType = sourcecode.c.h; path = PBSourceViewItems.h; sourceTree = "<group>"; };
		4A90A72714A9C12F00D0DA02 /* Common.xcconfig */ = {isa = PBXFileReference; lastKnownFileType = text.xcconfig; path = Common.xcconfig; sourceTree = SOURCE_ROOT; };
		4A90A72814A9C12F00D0DA02 /* Debug.xcconfig */ = {isa = PBXFileReference; lastKnownFileType = text.xcconfig; path = Debug.xcconfig; sourceTree = SOURCE_ROOT; };
		4A90A72A14A9C12F00D0DA02 /* Install.xcconfig */ = {isa = PBXFileReference; lastKnownFileType = text.xcconfig; path = Install.xcconfig; sourceTree = SOURCE_ROOT; };
		4A90A72B14A9C12F00D0DA02 /* README.markdown */ = {isa = PBXFileReference; lastKnownFileType = text; path = README.markdown; sourceTree = SOURCE_ROOT; };
		4A90A72C14A9C12F00D0DA02 /* Release.xcconfig */ = {isa = PBXFileReference; lastKnownFileType = text.xcconfig; path = Release.xcconfig; sourceTree = SOURCE_ROOT; };
		4A90A73314A9D1E800D0DA02 /* GitX.h */ = {isa = PBXFileReference; fileEncoding = 4; lastKnownFileType = sourcecode.c.h; path = GitX.h; sourceTree = SOURCE_ROOT; };
		4A90A73414A9D24300D0DA02 /* GitX.sdef */ = {isa = PBXFileReference; fileEncoding = 4; lastKnownFileType = text.xml; path = GitX.sdef; sourceTree = SOURCE_ROOT; };
		B4D5A3A32F50D3F100000001 /* GitRepoFinder.swift */ = {isa = PBXFileReference; lastKnownFileType = sourcecode.swift; path = GitRepoFinder.swift; sourceTree = "<group>"; };
		B2F5C2AB2CB0B5F700C0C001 /* PBCommitData.swift */ = {isa = PBXFileReference; lastKnownFileType = sourcecode.swift; path = PBCommitData.swift; sourceTree = "<group>"; };
		B2F5C2AD2CB0B5F700C0C001 /* PBCommitData.h */ = {isa = PBXFileReference; lastKnownFileType = sourcecode.c.h; path = PBCommitData.h; sourceTree = "<group>"; };
		68C5B6464803943E1AB88185 /* PBGitRevisionCellView.h */ = {isa = PBXFileReference; fileEncoding = 4; lastKnownFileType = sourcecode.c.h; path = PBGitRevisionCellView.h; sourceTree = "<group>"; };
		77C82804067257F0000B614F /* CoreData.framework */ = {isa = PBXFileReference; lastKnownFileType = wrapper.framework; name = CoreData.framework; path = /System/Library/Frameworks/CoreData.framework; sourceTree = "<absolute>"; };
		8D1107320486CEB800E47090 /* GitX.app */ = {isa = PBXFileReference; explicitFileType = wrapper.application; includeInIndex = 0; path = GitX.app; sourceTree = BUILT_PRODUCTS_DIR; };
		913D5E490E55644600CECEA2 /* gitx */ = {isa = PBXFileReference; explicitFileType = "compiled.mach-o.executable"; includeInIndex = 0; path = gitx; sourceTree = BUILT_PRODUCTS_DIR; };
		978357A4189C05B100ADC689 /* FolderClosedTemplate.pdf */ = {isa = PBXFileReference; lastKnownFileType = image.pdf; path = FolderClosedTemplate.pdf; sourceTree = "<group>"; };
		978357A5189C05B100ADC689 /* FolderTemplate.pdf */ = {isa = PBXFileReference; lastKnownFileType = image.pdf; path = FolderTemplate.pdf; sourceTree = "<group>"; };
		978357A8189C074500ADC689 /* BranchTemplate.pdf */ = {isa = PBXFileReference; lastKnownFileType = image.pdf; path = BranchTemplate.pdf; sourceTree = "<group>"; };
		978357A9189C074500ADC689 /* RemoteBranchTemplate.pdf */ = {isa = PBXFileReference; lastKnownFileType = image.pdf; path = RemoteBranchTemplate.pdf; sourceTree = "<group>"; };
		978357AA189C074500ADC689 /* RemoteTemplate.pdf */ = {isa = PBXFileReference; lastKnownFileType = image.pdf; path = RemoteTemplate.pdf; sourceTree = "<group>"; };
		978357AB189C074500ADC689 /* StageTemplate.pdf */ = {isa = PBXFileReference; lastKnownFileType = image.pdf; path = StageTemplate.pdf; sourceTree = "<group>"; };
		978357AC189C074500ADC689 /* TagTemplate.pdf */ = {isa = PBXFileReference; lastKnownFileType = image.pdf; path = TagTemplate.pdf; sourceTree = "<group>"; };
		978357B2189C19A000ADC689 /* AddBranchTemplate.pdf */ = {isa = PBXFileReference; lastKnownFileType = image.pdf; path = AddBranchTemplate.pdf; sourceTree = "<group>"; };
		978357B3189C19A000ADC689 /* AddLabelTemplate.pdf */ = {isa = PBXFileReference; lastKnownFileType = image.pdf; path = AddLabelTemplate.pdf; sourceTree = "<group>"; };
		978357B4189C19A000ADC689 /* AddRemoteTemplate.pdf */ = {isa = PBXFileReference; lastKnownFileType = image.pdf; path = AddRemoteTemplate.pdf; sourceTree = "<group>"; };
		978357B5189C19A000ADC689 /* FetchTemplate.pdf */ = {isa = PBXFileReference; lastKnownFileType = image.pdf; path = FetchTemplate.pdf; sourceTree = "<group>"; };
		978357B6189C19A000ADC689 /* PullTemplate.pdf */ = {isa = PBXFileReference; lastKnownFileType = image.pdf; path = PullTemplate.pdf; sourceTree = "<group>"; };
		978357B7189C19A000ADC689 /* PushTemplate.pdf */ = {isa = PBXFileReference; lastKnownFileType = image.pdf; path = PushTemplate.pdf; sourceTree = "<group>"; };
		978357BE189C1F5700ADC689 /* CherryPickTemplate.pdf */ = {isa = PBXFileReference; lastKnownFileType = image.pdf; path = CherryPickTemplate.pdf; sourceTree = "<group>"; };
		978357BF189C1F5700ADC689 /* MergeTemplate.pdf */ = {isa = PBXFileReference; lastKnownFileType = image.pdf; path = MergeTemplate.pdf; sourceTree = "<group>"; };
		978357C0189C1F5700ADC689 /* RebaseTemplate.pdf */ = {isa = PBXFileReference; lastKnownFileType = image.pdf; path = RebaseTemplate.pdf; sourceTree = "<group>"; };
		978357C4189C238300ADC689 /* DetailViewTemplate.pdf */ = {isa = PBXFileReference; lastKnownFileType = image.pdf; path = DetailViewTemplate.pdf; sourceTree = "<group>"; };
		978357C6189C23AF00ADC689 /* TreeViewTemplate.pdf */ = {isa = PBXFileReference; lastKnownFileType = image.pdf; path = TreeViewTemplate.pdf; sourceTree = "<group>"; };
		97CF01F618A6C5BB00E30F2B /* deleted_file.pdf */ = {isa = PBXFileReference; lastKnownFileType = image.pdf; path = deleted_file.pdf; sourceTree = "<group>"; };
		97CF01F718A6C5BB00E30F2B /* empty_file.pdf */ = {isa = PBXFileReference; lastKnownFileType = image.pdf; path = empty_file.pdf; sourceTree = "<group>"; };
		97CF01F818A6C5BB00E30F2B /* new_file.pdf */ = {isa = PBXFileReference; lastKnownFileType = image.pdf; path = new_file.pdf; sourceTree = "<group>"; };
		B4A1F99E2D3B0A1200000001 /* PBCommitListRowView.h */ = {isa = PBXFileReference; fileEncoding = 4; lastKnownFileType = sourcecode.c.h; name = PBCommitListRowView.h; path = Views/PBCommitListRowView.h; sourceTree = "<group>"; };
		B4A1F99F2D3B0A1200000002 /* PBCommitListRowView.m */ = {isa = PBXFileReference; fileEncoding = 4; lastKnownFileType = sourcecode.c.objc; name = PBCommitListRowView.m; path = Views/PBCommitListRowView.m; sourceTree = "<group>"; };
		D87127001229A21C00012334 /* QuartzCore.framework */ = {isa = PBXFileReference; lastKnownFileType = wrapper.framework; name = QuartzCore.framework; path = System/Library/Frameworks/QuartzCore.framework; sourceTree = SDKROOT; };
		D89E9AB21218A9DA0097A90B /* ScriptingBridge.framework */ = {isa = PBXFileReference; lastKnownFileType = wrapper.framework; name = ScriptingBridge.framework; path = System/Library/Frameworks/ScriptingBridge.framework; sourceTree = SDKROOT; };
		D8E3B2B710DC9FB2001096A3 /* ScriptingBridge.framework */ = {isa = PBXFileReference; lastKnownFileType = wrapper.framework; name = ScriptingBridge.framework; path = /System/Library/Frameworks/ScriptingBridge.framework; sourceTree = "<absolute>"; };
		DADF25C42DF67F453152F703 /* PBGitRevisionCellView.m */ = {isa = PBXFileReference; fileEncoding = 4; lastKnownFileType = sourcecode.c.objc; path = PBGitRevisionCellView.m; sourceTree = "<group>"; };
		F56526230E03D85900F03B52 /* WebKit.framework */ = {isa = PBXFileReference; lastKnownFileType = wrapper.framework; name = WebKit.framework; path = /System/Library/Frameworks/WebKit.framework; sourceTree = "<absolute>"; };
		F5D619ED0EAE62EA00341D73 /* html */ = {isa = PBXFileReference; includeInIndex = 0; lastKnownFileType = folder; name = html; path = ../html; sourceTree = "<group>"; };
		F5E4DBFA0EAB58D90013FAFC /* SystemConfiguration.framework */ = {isa = PBXFileReference; lastKnownFileType = wrapper.framework; name = SystemConfiguration.framework; path = /System/Library/Frameworks/SystemConfiguration.framework; sourceTree = "<absolute>"; };
/* End PBXFileReference section */

/* Begin PBXFrameworksBuildPhase section */
		8D11072E0486CEB800E47090 /* Frameworks */ = {
			isa = PBXFrameworksBuildPhase;
			buildActionMask = 2147483647;
			files = (
				4A4EF0BE142CBC59001B8CDF /* libz.dylib in Frameworks */,
				B2F5C2D12CB0CA0000C0C001 /* AppIntents.framework in Frameworks */,
				8D11072F0486CEB800E47090 /* Cocoa.framework in Frameworks */,
				F56526240E03D85900F03B52 /* WebKit.framework in Frameworks */,
				F5E4DBFB0EAB58D90013FAFC /* SystemConfiguration.framework in Frameworks */,
				D8E3B2B810DC9FB2001096A3 /* ScriptingBridge.framework in Frameworks */,
				D87127011229A21C00012334 /* QuartzCore.framework in Frameworks */,
				0A6858C711F7EA8A00AC2BE4 /* CoreServices.framework in Frameworks */,
			);
			runOnlyForDeploymentPostprocessing = 0;
		};
		913D5E470E55644600CECEA2 /* Frameworks */ = {
			isa = PBXFrameworksBuildPhase;
			buildActionMask = 2147483647;
			files = (
				4A40159914067B7A00DB9C07 /* AppKit.framework in Frameworks */,
				B2F5C2D22CB0CA0000C0C001 /* AppIntents.framework in Frameworks */,
				4A40159714067B6300DB9C07 /* CoreFoundation.framework in Frameworks */,
				D89E9B141218BA260097A90B /* ScriptingBridge.framework in Frameworks */,
			);
			runOnlyForDeploymentPostprocessing = 0;
		};
/* End PBXFrameworksBuildPhase section */

/* Begin PBXGroup section */
		19C28FACFE9D520D11CA2CBB /* Products */ = {
			isa = PBXGroup;
			children = (
				8D1107320486CEB800E47090 /* GitX.app */,
				913D5E490E55644600CECEA2 /* gitx */,
			);
			name = Products;
			sourceTree = "<group>";
		};
		29B97314FDCFA39411CA2CEA /* GitTest */ = {
			isa = PBXGroup;
			children = (
				4A5D762114A9A9CC00DF6C68 /* Classes */,
				4A5D757C14A9A90500DF6C68 /* Resources */,
				B2F5C2B02CB0C1F100C0C001 /* GitX-Bridging-Header.h */,
				29B97323FDCFA39411CA2CEA /* Frameworks */,
				19C28FACFE9D520D11CA2CBB /* Products */,
			);
			name = GitTest;
			sourceTree = "<group>";
			usesTabs = 1;
		};
		29B97323FDCFA39411CA2CEA /* Frameworks */ = {
			isa = PBXGroup;
			children = (
				29B97324FDCFA39411CA2CEA /* AppKit.framework */,
				4A40159814067B7A00DB9C07 /* AppKit.framework */,
				B2F5C2D02CB0CA0000C0C001 /* AppIntents.framework */,
				1058C7A1FEA54F0111CA2CBB /* Cocoa.framework */,
				77C82804067257F0000B614F /* CoreData.framework */,
				4A40159614067B6300DB9C07 /* CoreFoundation.framework */,
				0A6858C611F7EA8A00AC2BE4 /* CoreServices.framework */,
				29B97325FDCFA39411CA2CEA /* Foundation.framework */,
				4A4EF0BD142CBC59001B8CDF /* libz.dylib */,
				D87127001229A21C00012334 /* QuartzCore.framework */,
				D8E3B2B710DC9FB2001096A3 /* ScriptingBridge.framework */,
				D89E9AB21218A9DA0097A90B /* ScriptingBridge.framework */,
				F5E4DBFA0EAB58D90013FAFC /* SystemConfiguration.framework */,
				F56526230E03D85900F03B52 /* WebKit.framework */,
			);
			name = Frameworks;
			sourceTree = "<group>";
		};
		4A5D757C14A9A90500DF6C68 /* Resources */ = {
			isa = PBXGroup;
			children = (
				4A90A73414A9D24300D0DA02 /* GitX.sdef */,
				4A90A72714A9C12F00D0DA02 /* Common.xcconfig */,
				4A5D757D14A9A90500DF6C68 /* Credits.html */,
				4A90A72814A9C12F00D0DA02 /* Debug.xcconfig */,
				4A5D760214A9A99E00DF6C68 /* English.lproj */,
				4A90A73314A9D1E800D0DA02 /* GitX.h */,
				B2F5C2E02CB0CA0000C0C001 /* Assets.xcassets */,
				F5D619ED0EAE62EA00341D73 /* html */,
				4A5D758114A9A90500DF6C68 /* Images */,
				4A5D75B414A9A90500DF6C68 /* Info.plist */,
				4A90A72A14A9C12F00D0DA02 /* Install.xcconfig */,
				4A90A72B14A9C12F00D0DA02 /* README.markdown */,
				4A90A72C14A9C12F00D0DA02 /* Release.xcconfig */,
				4A5D75B514A9A90500DF6C68 /* source.css */,
				B2E4C58F7FB04F468C0826DE /* PBWebControllerNativePost.js */,
				B2E4C5907FB04F468C0826DE /* PBWebControllerBridgeBootstrap.js */,
				B2E4C5917FB04F468C0826DE /* PBWebControllerContextMenuTracking.js */,
				4A5D75B914A9A90500DF6C68 /* XIBs */,
			);
			path = Resources;
			sourceTree = "<group>";
		};
		4A5D758114A9A90500DF6C68 /* Images */ = {
			isa = PBXGroup;
			children = (
				97CF01F618A6C5BB00E30F2B /* deleted_file.pdf */,
				97CF01F718A6C5BB00E30F2B /* empty_file.pdf */,
				97CF01F818A6C5BB00E30F2B /* new_file.pdf */,
				978357C6189C23AF00ADC689 /* TreeViewTemplate.pdf */,
				978357B2189C19A000ADC689 /* AddBranchTemplate.pdf */,
				978357B3189C19A000ADC689 /* AddLabelTemplate.pdf */,
				978357B4189C19A000ADC689 /* AddRemoteTemplate.pdf */,
				978357A8189C074500ADC689 /* BranchTemplate.pdf */,
				978357BE189C1F5700ADC689 /* CherryPickTemplate.pdf */,
				978357C4189C238300ADC689 /* DetailViewTemplate.pdf */,
				978357B5189C19A000ADC689 /* FetchTemplate.pdf */,
				978357A4189C05B100ADC689 /* FolderClosedTemplate.pdf */,
				978357A5189C05B100ADC689 /* FolderTemplate.pdf */,
				4A5D759814A9A90500DF6C68 /* gitx_icon.psd */,
				4A5D759B14A9A90500DF6C68 /* mainSplitterBar.tiff */,
				4A5D759C14A9A90500DF6C68 /* mainSplitterDimple.tiff */,
				978357BF189C1F5700ADC689 /* MergeTemplate.pdf */,
				4A5D759F14A9A90500DF6C68 /* Preferences */,
				978357B6189C19A000ADC689 /* PullTemplate.pdf */,
				978357B7189C19A000ADC689 /* PushTemplate.pdf */,
				978357C0189C1F5700ADC689 /* RebaseTemplate.pdf */,
				978357A9189C074500ADC689 /* RemoteBranchTemplate.pdf */,
				978357AA189C074500ADC689 /* RemoteTemplate.pdf */,
				4A5D75AF14A9A90500DF6C68 /* rewindImage.pdf */,
				978357AB189C074500ADC689 /* StageTemplate.pdf */,
				978357AC189C074500ADC689 /* TagTemplate.pdf */,
			);
			path = Images;
			sourceTree = "<group>";
		};
		4A5D759F14A9A90500DF6C68 /* Preferences */ = {
			isa = PBXGroup;
			children = (
				4A5D75A014A9A90500DF6C68 /* Updates.png */,
			);
			path = Preferences;
			sourceTree = "<group>";
		};
		4A5D75B914A9A90500DF6C68 /* XIBs */ = {
			isa = PBXGroup;
			children = (
				4A5D75BA14A9A90500DF6C68 /* OpenRecentPopup.xib */,
				4A5D75BB14A9A90500DF6C68 /* PBCommitHookFailedSheet.xib */,
				4A5D75BD14A9A90500DF6C68 /* PBGitCommitView.xib */,
				4A5D75BE14A9A90500DF6C68 /* PBGitHistoryView.xib */,
				4A5D75BF14A9A90500DF6C68 /* PBGitSidebarView.xib */,
				4A5D75C014A9A90500DF6C68 /* PBGitXMessageSheet.xib */,
			);
			path = XIBs;
			sourceTree = "<group>";
		};
		4A5D760214A9A99E00DF6C68 /* English.lproj */ = {
			isa = PBXGroup;
			children = (
				4A5D760314A9A99E00DF6C68 /* InfoPlist.strings */,
				4A5D760514A9A99E00DF6C68 /* MainMenu.xib */,
				4A5D760D14A9A99E00DF6C68 /* PBCreateBranchSheet.xib */,
				4A5D760F14A9A99E00DF6C68 /* PBCreateTagSheet.xib */,
				4A5D761314A9A99E00DF6C68 /* Preferences.xib */,
				4A5D761514A9A99E00DF6C68 /* RepositoryWindow.xib */,
			);
			path = English.lproj;
			sourceTree = SOURCE_ROOT;
		};
		4A5D762114A9A9CC00DF6C68 /* Classes */ = {
			isa = PBXGroup;
			children = (
				4A5D762514A9A9CC00DF6C68 /* Controllers */,
				4A5D764D14A9A9CC00DF6C68 /* git */,
				4A5D768614A9A9CC00DF6C68 /* gitx.m */,
				4A5D768A14A9A9CC00DF6C68 /* GitXScriptingConstants.h */,
				4A5D768B14A9A9CC00DF6C68 /* main.m */,
				4A5D769014A9A9CC00DF6C68 /* PBCommitList.h */,
				4A5D769114A9A9CC00DF6C68 /* PBCommitList.m */,
				8BC97B2E755FC0119D60D01F /* PBChangedFile.swift */,
				B4A1F99E2D3B0A1200000001 /* PBCommitListRowView.h */,
				B4A1F99F2D3B0A1200000002 /* PBCommitListRowView.m */,
				B2F5C2B82CB0C0D500C0C001 /* PBNSURLPathUserDefaultsTransfomer.swift */,
				B2F5C2D42CB0E00000C0C001 /* PBGraphCellInfo.swift */,
				4A5D769614A9A9CC00DF6C68 /* PBRefContextDelegate.h */,
				4A5D769F14A9A9CC00DF6C68 /* PBUnsortableTableHeader.swift */,
				4A5D76A414A9A9CC00DF6C68 /* Util */,
				4A5D76B314A9A9CC00DF6C68 /* Views */,
			);
			path = Classes;
			sourceTree = "<group>";
		};
		4A5D762514A9A9CC00DF6C68 /* Controllers */ = {
			isa = PBXGroup;
			children = (
				4A5D762614A9A9CC00DF6C68 /* ApplicationController.h */,
				4A5D762714A9A9CC00DF6C68 /* ApplicationController.m */,
				4A5D762814A9A9CC00DF6C68 /* DBPrefsWindowController.h */,
				4A5D762914A9A9CC00DF6C68 /* DBPrefsWindowController.m */,
				4A5D762B14A9A9CC00DF6C68 /* OpenRecentController.swift */,
				4A5D762E14A9A9CC00DF6C68 /* PBGitCommitController.h */,
				4A5D762F14A9A9CC00DF6C68 /* PBGitCommitController.m */,
				4A5D763014A9A9CC00DF6C68 /* PBGitHistoryController.h */,
				4A5D763114A9A9CC00DF6C68 /* PBGitHistoryController.m */,
				4A5D763214A9A9CC00DF6C68 /* PBGitIndexController.h */,
				4A5D763314A9A9CC00DF6C68 /* PBGitIndexController.m */,
				4A5D763414A9A9CC00DF6C68 /* PBGitSidebarController.h */,
				4A5D763514A9A9CC00DF6C68 /* PBGitSidebarController.m */,
				4A5D763614A9A9CC00DF6C68 /* PBGitWindowController.h */,
				4A5D763714A9A9CC00DF6C68 /* PBGitWindowController.m */,
				4A5D763814A9A9CC00DF6C68 /* PBHistorySearchController.h */,
				4A5D763914A9A9CC00DF6C68 /* PBHistorySearchController.m */,
				4A5D763A14A9A9CC00DF6C68 /* PBPrefsWindowController.h */,
				4A5D763B14A9A9CC00DF6C68 /* PBPrefsWindowController.m */,
				4A5D763C14A9A9CC00DF6C68 /* PBRefController.h */,
				4A5D763D14A9A9CC00DF6C68 /* PBRefController.m */,
				4A5D763E14A9A9CC00DF6C68 /* PBRepositoryDocumentController.h */,
				4A5D763F14A9A9CC00DF6C68 /* PBRepositoryDocumentController.m */,
				4A5D764214A9A9CC00DF6C68 /* PBViewController.h */,
				4A5D764314A9A9CC00DF6C68 /* PBViewController.m */,
				4A5D764414A9A9CC00DF6C68 /* PBWebChangesController.h */,
				4A5D764514A9A9CC00DF6C68 /* PBWebChangesController.m */,
				4A5D764614A9A9CC00DF6C68 /* PBWebController.h */,
				4A5D764714A9A9CC00DF6C68 /* PBWebController.m */,
				4A5D764A14A9A9CC00DF6C68 /* PBWebHistoryController.h */,
				4A5D764B14A9A9CC00DF6C68 /* PBWebHistoryController.m */,
				B2E4C5857FB04F468C0826DE /* PBWebBridge.h */,
				B2E4C5867FB04F468C0826DE /* PBWKWebViewBridge.h */,
				B2E4C5877FB04F468C0826DE /* PBWKWebViewBridge.m */,
				B2E4C58A7FB04F468C0826DE /* PBWKGitXSchemeHandler.h */,
				B2E4C58B7FB04F468C0826DE /* PBWKGitXSchemeHandler.m */,
			);
			path = Controllers;
			sourceTree = "<group>";
		};
		4A5D764D14A9A9CC00DF6C68 /* git */ = {
			isa = PBXGroup;
			children = (
				4A5D764E14A9A9CC00DF6C68 /* PBGitBinary.h */,
				4A5D764F14A9A9CC00DF6C68 /* PBGitBinary.m */,
				B2F5C2AE2CB0C1F100C0C001 /* PBGitCommit.swift */,
				B2F5C2D02CB0E00000C0C001 /* PBGitRef.swift */,
				B2F5C2D22CB0E00000C0C001 /* PBGitLane.swift */,
				B2F5C2B32CB0CD3C00C0C001 /* GitCommandRunner.swift */,
				4A5D765514A9A9CC00DF6C68 /* PBGitDefaults.swift */,
				4A5D765614A9A9CC00DF6C68 /* PBGitGrapher.h */,
				4A5D765714A9A9CC00DF6C68 /* PBGitGrapher.m */,
				4A5D765814A9A9CC00DF6C68 /* PBGitGraphLine.h */,
				4A5D765A14A9A9CC00DF6C68 /* PBGitHistoryGrapher.h */,
				4A5D765B14A9A9CC00DF6C68 /* PBGitHistoryGrapher.m */,
				4A5D765C14A9A9CC00DF6C68 /* PBGitHistoryList.h */,
				4A5D765D14A9A9CC00DF6C68 /* PBGitHistoryList.m */,
				4A5D765E14A9A9CC00DF6C68 /* PBGitIndex.h */,
				4A5D765F14A9A9CC00DF6C68 /* PBGitIndex.m */,
				4A5D766414A9A9CC00DF6C68 /* PBGitRefish.h */,
				4A5D766514A9A9CC00DF6C68 /* PBGitRepository.h */,
				4A5D766614A9A9CC00DF6C68 /* PBGitRepository.m */,
				4A5D766B14A9A9CC00DF6C68 /* PBGitRevList.h */,
				4A5D766C14A9A9CC00DF6C68 /* PBGitRevList.m */,
				4A5D766D14A9A9CC00DF6C68 /* PBGitRevSpecifier.h */,
				4A5D766E14A9A9CC00DF6C68 /* PBGitRevSpecifier.m */,
				4A5D768114A9A9CC00DF6C68 /* PBGitXErrors.h */,
				4A5D768214A9A9CC00DF6C68 /* PBGitXErrors.m */,
				B4D5A3A32F50D3F100000001 /* GitRepoFinder.swift */,
				B2F5C2AB2CB0B5F700C0C001 /* PBCommitData.swift */,
				B2F5C2AD2CB0B5F700C0C001 /* PBCommitData.h */,
			);
			path = git;
			sourceTree = "<group>";
		};
		4A5D76A414A9A9CC00DF6C68 /* Util */ = {
			isa = PBXGroup;
			children = (
				B2F5C2B62CB0C0D500C0C001 /* NSStringRegEx.swift */,
				B2F5C2B72CB0C0D500C0C001 /* NSBezierPath+RoundedRect.swift */,
				4A5D76B114A9A9CC00DF6C68 /* PBEasyPipe.h */,
				140F08D9CFC94A928EFA8773 /* PBEasyPipe.swift */,
			);
			path = Util;
			sourceTree = "<group>";
		};
		4A5D76B314A9A9CC00DF6C68 /* Views */ = {
			isa = PBXGroup;
			children = (
				4A5D76B414A9A9CC00DF6C68 /* GitXTextFieldCell.h */,
				4A5D76B514A9A9CC00DF6C68 /* GitXTextFieldCell.m */,
				4A5D76BE14A9A9CC00DF6C68 /* PBCollapsibleSplitView.h */,
				4A5D76BF14A9A9CC00DF6C68 /* PBCollapsibleSplitView.m */,
				4A5D76C014A9A9CC00DF6C68 /* PBCommitHookFailedSheet.h */,
				4A5D76C114A9A9CC00DF6C68 /* PBCommitHookFailedSheet.m */,
				4A5D76C214A9A9CC00DF6C68 /* PBCommitMessageView.h */,
				4A5D76C314A9A9CC00DF6C68 /* PBCommitMessageView.m */,
				4A5D76C414A9A9CC00DF6C68 /* PBCreateBranchSheet.h */,
				4A5D76C514A9A9CC00DF6C68 /* PBCreateBranchSheet.m */,
				4A5D76C614A9A9CC00DF6C68 /* PBCreateTagSheet.h */,
				4A5D76C714A9A9CC00DF6C68 /* PBCreateTagSheet.m */,
				4A5D76C914A9A9CC00DF6C68 /* PBFileChangesTableView.swift */,
				4A5D76CB14A9A9CC00DF6C68 /* PBGitGradientBarView.swift */,
				4A5D76CC14A9A9CC00DF6C68 /* PBGitRevisionCell.h */,
				4A5D76CD14A9A9CC00DF6C68 /* PBGitRevisionCell.m */,
				68C5B6464803943E1AB88185 /* PBGitRevisionCellView.h */,
				DADF25C42DF67F453152F703 /* PBGitRevisionCellView.m */,
				2B27333E60F67679B05F54E5 /* PBGitTableCellView.swift */,
				4A5D76CE14A9A9CC00DF6C68 /* PBGitXMessageSheet.h */,
				4A5D76CF14A9A9CC00DF6C68 /* PBGitXMessageSheet.m */,
				4A5D76D014A9A9CC00DF6C68 /* PBIconAndTextCell.h */,
				4A5D76D114A9A9CC00DF6C68 /* PBIconAndTextCell.m */,
				4A5D76D214A9A9CC00DF6C68 /* PBNiceSplitView.h */,
				4A5D76D314A9A9CC00DF6C68 /* PBNiceSplitView.m */,
				4A5D76DC14A9A9CC00DF6C68 /* PBSourceViewCell.h */,
				4A5D76DD14A9A9CC00DF6C68 /* PBSourceViewCell.m */,
				28BAEDE6F381A6A843FB6363 /* PBSourceViewItem.swift */,
				6D80F69E11B7E2E414647B3B /* PBRefMenuItem.swift */,
				A85458A6FBD99BFE2D89EC79 /* PBSourceViewBadge.swift */,
				4A5D777014A9AEB000DF6C68 /* PBSourceViewItems.h */,
			);
			path = Views;
			sourceTree = "<group>";
		};
/* End PBXGroup section */

/* Begin PBXNativeTarget section */
		8D1107260486CEB800E47090 /* GitX */ = {
			isa = PBXNativeTarget;
			buildConfigurationList = 26FC0A840875C7B200E6366F /* Build configuration list for PBXNativeTarget "GitX" */;
			buildPhases = (
				8D1107290486CEB800E47090 /* Resources */,
				8D11072C0486CEB800E47090 /* Sources */,
				8D11072E0486CEB800E47090 /* Frameworks */,
				F580E6BD0E73329C009E2D3F /* CopyFiles */,
				F5CF04A20EAE696C00D75C81 /* Copy HTML files */,
				D81E15ED121CE83D00269E61 /* Scripting Bridge Header Script  */,
			);
			buildRules = (
			);
			dependencies = (
			);
			name = GitX;
			productInstallPath = "$(HOME)/Applications";
			productName = GitTest;
			productReference = 8D1107320486CEB800E47090 /* GitX.app */;
			productType = "com.apple.product-type.application";
		};
		913D5E480E55644600CECEA2 /* cli tool */ = {
			isa = PBXNativeTarget;
			buildConfigurationList = 913D5E570E55646100CECEA2 /* Build configuration list for PBXNativeTarget "cli tool" */;
			buildPhases = (
				913D5E460E55644600CECEA2 /* Sources */,
				913D5E470E55644600CECEA2 /* Frameworks */,
			);
			buildRules = (
			);
			dependencies = (
			);
			name = "cli tool";
			productName = "cli tool";
			productReference = 913D5E490E55644600CECEA2 /* gitx */;
			productType = "com.apple.product-type.tool";
		};
/* End PBXNativeTarget section */

/* Begin PBXProject section */
		29B97313FDCFA39411CA2CEA /* Project object */ = {
			isa = PBXProject;
			attributes = {
				LastUpgradeCheck = 0510;
			};
			buildConfigurationList = 26FC0A880875C7B200E6366F /* Build configuration list for PBXProject "GitX" */;
			compatibilityVersion = "Xcode 3.2";
			developmentRegion = English;
			hasScannedForEncodings = 1;
			knownRegions = (
				English,
				Japanese,
				French,
				German,
			);
			mainGroup = 29B97314FDCFA39411CA2CEA /* GitTest */;
			projectDirPath = "";
			projectRoot = "";
			targets = (
				8D1107260486CEB800E47090 /* GitX */,
				913D5E480E55644600CECEA2 /* cli tool */,
			);
		};
/* End PBXProject section */

/* Begin PBXResourcesBuildPhase section */
		8D1107290486CEB800E47090 /* Resources */ = {
			isa = PBXResourcesBuildPhase;
			buildActionMask = 2147483647;
			files = (
				978357C5189C238300ADC689 /* DetailViewTemplate.pdf in Resources */,
				4A5D75C114A9A90500DF6C68 /* Credits.html in Resources */,
				978357C2189C1F5700ADC689 /* MergeTemplate.pdf in Resources */,
				978357A7189C05B100ADC689 /* FolderTemplate.pdf in Resources */,
				978357A6189C05B100ADC689 /* FolderClosedTemplate.pdf in Resources */,
				978357BB189C19A000ADC689 /* FetchTemplate.pdf in Resources */,
				B2F5C2E12CB0CA0000C0C001 /* Assets.xcassets in Resources */,
				978357AE189C074500ADC689 /* RemoteBranchTemplate.pdf in Resources */,
				97CF01F918A6C5BB00E30F2B /* deleted_file.pdf in Resources */,
				978357B0189C074500ADC689 /* StageTemplate.pdf in Resources */,
				4A5D75DE14A9A90500DF6C68 /* mainSplitterBar.tiff in Resources */,
				4A5D75DF14A9A90500DF6C68 /* mainSplitterDimple.tiff in Resources */,
				978357BA189C19A000ADC689 /* AddRemoteTemplate.pdf in Resources */,
				978357C3189C1F5700ADC689 /* RebaseTemplate.pdf in Resources */,
				4A5D75E214A9A90500DF6C68 /* Updates.png in Resources */,
				4A5D75F114A9A90500DF6C68 /* rewindImage.pdf in Resources */,
				978357B8189C19A000ADC689 /* AddBranchTemplate.pdf in Resources */,
				4A5D75F714A9A90500DF6C68 /* source.css in Resources */,
				B2E4C58C7FB04F468C0826DE /* PBWebControllerNativePost.js in Resources */,
				B2E4C58D7FB04F468C0826DE /* PBWebControllerBridgeBootstrap.js in Resources */,
				B2E4C58E7FB04F468C0826DE /* PBWebControllerContextMenuTracking.js in Resources */,
				978357C1189C1F5700ADC689 /* CherryPickTemplate.pdf in Resources */,
				978357C7189C23AF00ADC689 /* TreeViewTemplate.pdf in Resources */,
				4A5D75FB14A9A90500DF6C68 /* OpenRecentPopup.xib in Resources */,
				4A5D75FC14A9A90500DF6C68 /* PBCommitHookFailedSheet.xib in Resources */,
				978357AD189C074500ADC689 /* BranchTemplate.pdf in Resources */,
				4A5D75FE14A9A90500DF6C68 /* PBGitCommitView.xib in Resources */,
				4A5D75FF14A9A90500DF6C68 /* PBGitHistoryView.xib in Resources */,
				97CF01FB18A6C5BB00E30F2B /* new_file.pdf in Resources */,
				4A5D760014A9A90500DF6C68 /* PBGitSidebarView.xib in Resources */,
				978357BC189C19A000ADC689 /* PullTemplate.pdf in Resources */,
				4A5D760114A9A90500DF6C68 /* PBGitXMessageSheet.xib in Resources */,
				4A5D761714A9A99E00DF6C68 /* InfoPlist.strings in Resources */,
				97CF01FA18A6C5BB00E30F2B /* empty_file.pdf in Resources */,
				4A5D761814A9A99E00DF6C68 /* MainMenu.xib in Resources */,
				978357BD189C19A000ADC689 /* PushTemplate.pdf in Resources */,
				4A5D761C14A9A99E00DF6C68 /* PBCreateBranchSheet.xib in Resources */,
				4A5D761D14A9A99E00DF6C68 /* PBCreateTagSheet.xib in Resources */,
				4A5D761F14A9A99E00DF6C68 /* Preferences.xib in Resources */,
				4A5D762014A9A99E00DF6C68 /* RepositoryWindow.xib in Resources */,
				4A90A73514A9D24300D0DA02 /* GitX.sdef in Resources */,
				978357B9189C19A000ADC689 /* AddLabelTemplate.pdf in Resources */,
				978357AF189C074500ADC689 /* RemoteTemplate.pdf in Resources */,
				978357B1189C074500ADC689 /* TagTemplate.pdf in Resources */,
			);
			runOnlyForDeploymentPostprocessing = 0;
		};
/* End PBXResourcesBuildPhase section */

/* Begin PBXShellScriptBuildPhase section */
		D81E15ED121CE83D00269E61 /* Scripting Bridge Header Script  */ = {
			isa = PBXShellScriptBuildPhase;
			buildActionMask = 2147483647;
			files = (
			);
			inputPaths = (
				"$(SRCROOT)/GitX.sdef",
			);
			name = "Scripting Bridge Header Script ";
			outputPaths = (
				"$(SRCROOT)/GitX.h",
			);
			runOnlyForDeploymentPostprocessing = 0;
			shellPath = /bin/sh;
			shellScript = "# Build the scripting bridge header GitX.h if the GitX.sdef file changes\necho \"Trying to build scripting definitions from $CONFIGURATION_BUILD_DIR/GitX.app\"\nif [ -e \"$CONFIGURATION_BUILD_DIR/GitX.app\" ]; then\n\techo -n \"generating...\"\n\tsdef \"$CONFIGURATION_BUILD_DIR/GitX.app\" | sdp -fh --basename GitX\n\techo \" done.\"\nelse\n\techo \"warning: Scripting definitions weren't generated.\"\nfi";
			showEnvVarsInLog = 0;
		};
		F5CF04A20EAE696C00D75C81 /* Copy HTML files */ = {
			isa = PBXShellScriptBuildPhase;
			buildActionMask = 2147483647;
			comments = "This is added as a script rather than a 'copy files' phase because those aren't updated correctly when you edit just a single file in a directory.\n\nThis might be improved further by using rsync, but I didn't dive into that yet.";
			files = (
			);
			inputPaths = (
			);
			name = "Copy HTML files";
			outputPaths = (
				"$(TARGET_BUILD_DIR)/$(UNLOCALIZED_RESOURCES_FOLDER_PATH)/html",
			);
			runOnlyForDeploymentPostprocessing = 0;
			shellPath = /bin/sh;
			shellScript = "resource_path=\"$TARGET_BUILD_DIR/$UNLOCALIZED_RESOURCES_FOLDER_PATH\"\nrm -rf \"$resource_path/html\"\ncp -r html \"$resource_path\"";
			showEnvVarsInLog = 0;
		};
/* End PBXShellScriptBuildPhase section */

/* Begin PBXSourcesBuildPhase section */
		8D11072C0486CEB800E47090 /* Sources */ = {
			isa = PBXSourcesBuildPhase;
			buildActionMask = 2147483647;
			files = (
				4A5D76E114A9A9CC00DF6C68 /* ApplicationController.m in Sources */,
				4A5D76E214A9A9CC00DF6C68 /* DBPrefsWindowController.m in Sources */,
				4A5D76E314A9A9CC00DF6C68 /* OpenRecentController.swift in Sources */,
				4A5D76E514A9A9CC00DF6C68 /* PBGitCommitController.m in Sources */,
				4A5D76E614A9A9CC00DF6C68 /* PBGitHistoryController.m in Sources */,
				4A5D76E714A9A9CC00DF6C68 /* PBGitIndexController.m in Sources */,
				4A5D76E814A9A9CC00DF6C68 /* PBGitSidebarController.m in Sources */,
				4A5D76E914A9A9CC00DF6C68 /* PBGitWindowController.m in Sources */,
				4A5D76EA14A9A9CC00DF6C68 /* PBHistorySearchController.m in Sources */,
				4A5D76EB14A9A9CC00DF6C68 /* PBPrefsWindowController.m in Sources */,
				4A5D76EC14A9A9CC00DF6C68 /* PBRefController.m in Sources */,
				4A5D76ED14A9A9CC00DF6C68 /* PBRepositoryDocumentController.m in Sources */,
				4A5D76EF14A9A9CC00DF6C68 /* PBViewController.m in Sources */,
				4A5D76F014A9A9CC00DF6C68 /* PBWebChangesController.m in Sources */,
				4A5D76F114A9A9CC00DF6C68 /* PBWebController.m in Sources */,
				4A5D76F314A9A9CC00DF6C68 /* PBWebHistoryController.m in Sources */,
				B2E4C5887FB04F468C0826DE /* PBWKWebViewBridge.m in Sources */,
				B2E4C5897FB04F468C0826DE /* PBWKGitXSchemeHandler.m in Sources */,
				4A5D76F414A9A9CC00DF6C68 /* PBGitBinary.m in Sources */,
				B2F5C2AF2CB0C1F100C0C001 /* PBGitCommit.swift in Sources */,
				B2F5C2D12CB0E00000C0C001 /* PBGitRef.swift in Sources */,
				B2F5C2D32CB0E00000C0C001 /* PBGitLane.swift in Sources */,
				B2F5C2D52CB0E00000C0C001 /* PBGraphCellInfo.swift in Sources */,
				B2F5C2B42CB0CD3C00C0C001 /* GitCommandRunner.swift in Sources */,
				4A5D76F714A9A9CC00DF6C68 /* PBGitDefaults.swift in Sources */,
				4A5D76F814A9A9CC00DF6C68 /* PBGitGrapher.m in Sources */,
				4A5D76FA14A9A9CC00DF6C68 /* PBGitHistoryGrapher.m in Sources */,
				4A5D76FB14A9A9CC00DF6C68 /* PBGitHistoryList.m in Sources */,
				4A5D76FC14A9A9CC00DF6C68 /* PBGitIndex.m in Sources */,
				4A5D76FF14A9A9CC00DF6C68 /* PBGitRepository.m in Sources */,
				4A5D770214A9A9CC00DF6C68 /* PBGitRevList.m in Sources */,
				4A5D770314A9A9CC00DF6C68 /* PBGitRevSpecifier.m in Sources */,
				4A5D770D14A9A9CC00DF6C68 /* PBGitXErrors.m in Sources */,
				4A5D771214A9A9CC00DF6C68 /* main.m in Sources */,
				4A5D771514A9A9CC00DF6C68 /* PBCommitList.m in Sources */,
				B4A1F9A02D3B0A1200000003 /* PBCommitListRowView.m in Sources */,
				B2F5C2BC2CB0C0D500C0C001 /* PBNSURLPathUserDefaultsTransfomer.swift in Sources */,
				4A5D771B14A9A9CC00DF6C68 /* PBUnsortableTableHeader.swift in Sources */,
				B2F5C2BB2CB0C0D500C0C001 /* NSBezierPath+RoundedRect.swift in Sources */,
				B2F5C2BA2CB0C0D500C0C001 /* NSStringRegEx.swift in Sources */,
				2C6A608A5F734A5294EA7ECF /* PBEasyPipe.swift in Sources */,
				4A5D772414A9A9CC00DF6C68 /* GitXTextFieldCell.m in Sources */,
				4A5D772914A9A9CC00DF6C68 /* PBCollapsibleSplitView.m in Sources */,
				4A5D772A14A9A9CC00DF6C68 /* PBCommitHookFailedSheet.m in Sources */,
				4A5D772B14A9A9CC00DF6C68 /* PBCommitMessageView.m in Sources */,
				4A5D772C14A9A9CC00DF6C68 /* PBCreateBranchSheet.m in Sources */,
				4A5D772D14A9A9CC00DF6C68 /* PBCreateTagSheet.m in Sources */,
				4A5D772E14A9A9CC00DF6C68 /* PBFileChangesTableView.swift in Sources */,
				4A5D772F14A9A9CC00DF6C68 /* PBGitGradientBarView.swift in Sources */,
				4A5D773014A9A9CC00DF6C68 /* PBGitRevisionCell.m in Sources */,
				BB0D6B8DEC50B392017C8841 /* PBGitRevisionCellView.m in Sources */,
				3A453AD042958D1A09B654FD /* PBGitTableCellView.swift in Sources */,
				4A5D773114A9A9CC00DF6C68 /* PBGitXMessageSheet.m in Sources */,
				4A5D773214A9A9CC00DF6C68 /* PBIconAndTextCell.m in Sources */,
				4A5D773314A9A9CC00DF6C68 /* PBNiceSplitView.m in Sources */,
				4A5D773814A9A9CC00DF6C68 /* PBSourceViewCell.m in Sources */,
				C9DD564730FF4C472D689ABB /* PBChangedFile.swift in Sources */,
				E22C4D96F5293DA73C67DAD5 /* PBSourceViewItem.swift in Sources */,
				2A58EC7082AB4A1216478480 /* PBRefMenuItem.swift in Sources */,
				2FF1413862EE11FD28BF6F0F /* PBSourceViewBadge.swift in Sources */,
				B4D5A3A42F50D3F100000001 /* GitRepoFinder.swift in Sources */,
				B2F5C2AC2CB0B5F700C0C001 /* PBCommitData.swift in Sources */,
			);
			runOnlyForDeploymentPostprocessing = 0;
		};
		913D5E460E55644600CECEA2 /* Sources */ = {
			isa = PBXSourcesBuildPhase;
			buildActionMask = 2147483647;
			files = (
				4A5D773A14A9A9F600DF6C68 /* gitx.m in Sources */,
				4A5D773C14A9AA2F00DF6C68 /* PBGitBinary.m in Sources */,
				8331CE22600F4AA0874DF284 /* PBEasyPipe.swift in Sources */,
				B4D5A3A52F50D3F100000001 /* GitRepoFinder.swift in Sources */,
			);
			runOnlyForDeploymentPostprocessing = 0;
		};
/* End PBXSourcesBuildPhase section */

/* Begin PBXVariantGroup section */
		4A5D760314A9A99E00DF6C68 /* InfoPlist.strings */ = {
			isa = PBXVariantGroup;
			children = (
				4A5D760414A9A99E00DF6C68 /* English */,
			);
			name = InfoPlist.strings;
			sourceTree = "<group>";
		};
		4A5D760514A9A99E00DF6C68 /* MainMenu.xib */ = {
			isa = PBXVariantGroup;
			children = (
				4A5D760614A9A99E00DF6C68 /* English */,
			);
			name = MainMenu.xib;
			sourceTree = "<group>";
		};
		4A5D760D14A9A99E00DF6C68 /* PBCreateBranchSheet.xib */ = {
			isa = PBXVariantGroup;
			children = (
				4A5D760E14A9A99E00DF6C68 /* English */,
			);
			name = PBCreateBranchSheet.xib;
			sourceTree = "<group>";
		};
		4A5D760F14A9A99E00DF6C68 /* PBCreateTagSheet.xib */ = {
			isa = PBXVariantGroup;
			children = (
				4A5D761014A9A99E00DF6C68 /* English */,
			);
			name = PBCreateTagSheet.xib;
			sourceTree = "<group>";
		};
		4A5D761314A9A99E00DF6C68 /* Preferences.xib */ = {
			isa = PBXVariantGroup;
			children = (
				4A5D761414A9A99E00DF6C68 /* English */,
			);
			name = Preferences.xib;
			sourceTree = "<group>";
		};
		4A5D761514A9A99E00DF6C68 /* RepositoryWindow.xib */ = {
			isa = PBXVariantGroup;
			children = (
				4A5D761614A9A99E00DF6C68 /* English */,
			);
			name = RepositoryWindow.xib;
			sourceTree = "<group>";
		};
/* End PBXVariantGroup section */

/* Begin XCBuildConfiguration section */
		26FC0A850875C7B200E6366F /* Debug */ = {
			isa = XCBuildConfiguration;
			buildSettings = {
				ALWAYS_EMBED_SWIFT_STANDARD_LIBRARIES = YES;
				COMBINE_HIDPI_IMAGES = YES;
				FRAMEWORK_SEARCH_PATHS = "\"$(PROJECT_DIR)\"";
				GCC_DYNAMIC_NO_PIC = NO;
				GCC_PRECOMPILE_PREFIX_HEADER = NO;
				GENERATE_APPINTENTS_METADATA = NO;
				APPINTENTS_METADATA_PROCESSOR_ADDITIONAL_OPTIONS = "--quiet-warnings";
				ASSETCATALOG_COMPILER_APPICON_NAME = AppIcon;
				INFOPLIST_FILE = Resources/Info.plist;
				INFOPLIST_OTHER_PREPROCESSOR_FLAGS = "-traditional";
				INSTALL_PATH = /Applications;
				PRODUCT_BUNDLE_IDENTIFIER = xyz.commaok.GitX;
				PRODUCT_NAME = GitX;
				VERSIONING_SYSTEM = "apple-generic";
				WRAPPER_EXTENSION = app;
				SWIFT_VERSION = 5.0;
				SWIFT_OBJC_BRIDGING_HEADER = "GitX-Bridging-Header.h";
			};
			name = Debug;
		};
		26FC0A860875C7B200E6366F /* Release */ = {
			isa = XCBuildConfiguration;
			buildSettings = {
				ALWAYS_EMBED_SWIFT_STANDARD_LIBRARIES = YES;
				COMBINE_HIDPI_IMAGES = YES;
				FRAMEWORK_SEARCH_PATHS = "\"$(PROJECT_DIR)\"";
				GCC_PRECOMPILE_PREFIX_HEADER = NO;
				GCC_PREPROCESSOR_DEFINITIONS_NOT_USED_IN_PRECOMPS = "";
				GENERATE_APPINTENTS_METADATA = NO;
				APPINTENTS_METADATA_PROCESSOR_ADDITIONAL_OPTIONS = "--quiet-warnings";
				ASSETCATALOG_COMPILER_APPICON_NAME = AppIcon;
				INFOPLIST_FILE = Resources/Info.plist;
				INFOPLIST_OTHER_PREPROCESSOR_FLAGS = "-traditional";
				INSTALL_PATH = /Applications;
				PRODUCT_BUNDLE_IDENTIFIER = xyz.commaok.GitX;
				PRODUCT_NAME = GitX;
				STRIP_INSTALLED_PRODUCT = YES;
				VERSIONING_SYSTEM = "apple-generic";
				WRAPPER_EXTENSION = app;
				SWIFT_VERSION = 5.0;
				SWIFT_OBJC_BRIDGING_HEADER = "GitX-Bridging-Header.h";
			};
			name = Release;
		};
		26FC0A890875C7B200E6366F /* Debug */ = {
			isa = XCBuildConfiguration;
			buildSettings = {
				ALWAYS_SEARCH_USER_PATHS = NO;
				CLANG_ENABLE_OBJC_ARC = YES;
				COPY_PHASE_STRIP = NO;
				CURRENT_PROJECT_VERSION = 0.12;
				DEBUG_INFORMATION_FORMAT = "dwarf-with-dsym";
				GCC_OPTIMIZATION_LEVEL = 0;
				GCC_PREPROCESSOR_DEFINITIONS = "DEBUG=1";
				GCC_WARN_ABOUT_RETURN_TYPE = YES;
				GCC_WARN_UNUSED_VARIABLE = YES;
				HEADER_SEARCH_PATHS = "$(inherited)";
				LD_RUNPATH_SEARCH_PATHS = "@loader_path/../Frameworks";
				MACOSX_DEPLOYMENT_TARGET = 10.15;
				ONLY_ACTIVE_ARCH = YES;
				OTHER_CFLAGS = "-Werror=incompatible-pointer-types";
				RUN_CLANG_STATIC_ANALYZER = YES;
				SDKROOT = macosx;
				STRIP_INSTALLED_PRODUCT = NO;
				GENERATE_APPINTENTS_METADATA = NO;
				APPINTENTS_METADATA_PROCESSOR_ADDITIONAL_OPTIONS = "--quiet-warnings";
				VALID_ARCHS = arm64;
			};
			name = Debug;
		};
		26FC0A8A0875C7B200E6366F /* Release */ = {
			isa = XCBuildConfiguration;
			buildSettings = {
				ALWAYS_SEARCH_USER_PATHS = NO;
				CLANG_ENABLE_OBJC_ARC = YES;
				CURRENT_PROJECT_VERSION = 0.12;
				DEBUG_INFORMATION_FORMAT = "dwarf-with-dsym";
				GCC_PREPROCESSOR_DEFINITIONS = GITX_NO_DEPRECATE;
				GCC_WARN_ABOUT_RETURN_TYPE = YES;
				GCC_WARN_UNUSED_VARIABLE = YES;
				HEADER_SEARCH_PATHS = "$(inherited)";
				LD_RUNPATH_SEARCH_PATHS = "@loader_path/../Frameworks";
				MACOSX_DEPLOYMENT_TARGET = 10.15;
				OTHER_CFLAGS = "-Werror=incompatible-pointer-types";
				RUN_CLANG_STATIC_ANALYZER = YES;
				SDKROOT = macosx;
				GENERATE_APPINTENTS_METADATA = NO;
				APPINTENTS_METADATA_PROCESSOR_ADDITIONAL_OPTIONS = "--quiet-warnings";
				VALID_ARCHS = arm64;
			};
			name = Release;
		};
		913D5E4B0E55644600CECEA2 /* Debug */ = {
			isa = XCBuildConfiguration;
			buildSettings = {
				GCC_PRECOMPILE_PREFIX_HEADER = NO;
				INSTALL_PATH = /usr/local/bin;
				PRODUCT_NAME = gitx;
				SKIP_INSTALL = YES;
				SWIFT_OBJC_BRIDGING_HEADER = "GitX-Bridging-Header.h";
				SWIFT_VERSION = 5.0;
				GENERATE_APPINTENTS_METADATA = NO;
				APPINTENTS_METADATA_PROCESSOR_ADDITIONAL_OPTIONS = "--quiet-warnings";
			};
			name = Debug;
		};
		913D5E4C0E55644600CECEA2 /* Release */ = {
			isa = XCBuildConfiguration;
			buildSettings = {
				GCC_PRECOMPILE_PREFIX_HEADER = NO;
				INSTALL_PATH = /usr/local/bin;
				PRODUCT_NAME = gitx;
				SKIP_INSTALL = YES;
				STRIP_INSTALLED_PRODUCT = YES;
				SWIFT_OBJC_BRIDGING_HEADER = "GitX-Bridging-Header.h";
				SWIFT_VERSION = 5.0;
				GENERATE_APPINTENTS_METADATA = NO;
				APPINTENTS_METADATA_PROCESSOR_ADDITIONAL_OPTIONS = "--quiet-warnings";
			};
			name = Release;
		};
/* End XCBuildConfiguration section */

/* Begin XCConfigurationList section */
		26FC0A840875C7B200E6366F /* Build configuration list for PBXNativeTarget "GitX" */ = {
			isa = XCConfigurationList;
			buildConfigurations = (
				26FC0A850875C7B200E6366F /* Debug */,
				26FC0A860875C7B200E6366F /* Release */,
			);
			defaultConfigurationIsVisible = 0;
			defaultConfigurationName = Release;
		};
		26FC0A880875C7B200E6366F /* Build configuration list for PBXProject "GitX" */ = {
			isa = XCConfigurationList;
			buildConfigurations = (
				26FC0A890875C7B200E6366F /* Debug */,
				26FC0A8A0875C7B200E6366F /* Release */,
			);
			defaultConfigurationIsVisible = 0;
			defaultConfigurationName = Release;
		};
		913D5E570E55646100CECEA2 /* Build configuration list for PBXNativeTarget "cli tool" */ = {
			isa = XCConfigurationList;
			buildConfigurations = (
				913D5E4B0E55644600CECEA2 /* Debug */,
				913D5E4C0E55644600CECEA2 /* Release */,
			);
			defaultConfigurationIsVisible = 0;
			defaultConfigurationName = Release;
		};
/* End XCConfigurationList section */
	};
	rootObject = 29B97313FDCFA39411CA2CEA /* Project object */;
}
